// !$*UTF8*$!
{
	archiveVersion = 1;
	classes = {
	};
	objectVersion = 46;
	objects = {

/* Begin PBXBuildFile section */
		4221CC063CE6437C3AF56F52 /* Pods_MoyaMapper_Tests.framework in Frameworks */ = {isa = PBXBuildFile; fileRef = 1E3ACF85F0566394D861441E /* Pods_MoyaMapper_Tests.framework */; };
		607FACD61AFB9204008FA782 /* AppDelegate.swift in Sources */ = {isa = PBXBuildFile; fileRef = 607FACD51AFB9204008FA782 /* AppDelegate.swift */; };
		607FACDB1AFB9204008FA782 /* Main.storyboard in Resources */ = {isa = PBXBuildFile; fileRef = 607FACD91AFB9204008FA782 /* Main.storyboard */; };
		607FACDD1AFB9204008FA782 /* Images.xcassets in Resources */ = {isa = PBXBuildFile; fileRef = 607FACDC1AFB9204008FA782 /* Images.xcassets */; };
		607FACE01AFB9204008FA782 /* LaunchScreen.xib in Resources */ = {isa = PBXBuildFile; fileRef = 607FACDE1AFB9204008FA782 /* LaunchScreen.xib */; };
		607FACEC1AFB9204008FA782 /* Tests.swift in Sources */ = {isa = PBXBuildFile; fileRef = 607FACEB1AFB9204008FA782 /* Tests.swift */; };
		693F7EDF1AE21C3AD81AEFDD /* Pods_MoyaMapper_Example.framework in Frameworks */ = {isa = PBXBuildFile; fileRef = F626826386069280689B6FE6 /* Pods_MoyaMapper_Example.framework */; };
		FD0273C7217DA7BF006E5F24 /* RxMoyaSection.swift in Sources */ = {isa = PBXBuildFile; fileRef = FD0273B1217DA7BF006E5F24 /* RxMoyaSection.swift */; };
		FD0273C8217DA7BF006E5F24 /* MultipleModel.swift in Sources */ = {isa = PBXBuildFile; fileRef = FD0273B3217DA7BF006E5F24 /* MultipleModel.swift */; };
		FD0273C9217DA7BF006E5F24 /* MyModel.swift in Sources */ = {isa = PBXBuildFile; fileRef = FD0273B4217DA7BF006E5F24 /* MyModel.swift */; };
		FD0273CA217DA7BF006E5F24 /* RxMoyaViewController.swift in Sources */ = {isa = PBXBuildFile; fileRef = FD0273B7217DA7BF006E5F24 /* RxMoyaViewController.swift */; };
		FD0273CB217DA7BF006E5F24 /* ViewController.swift in Sources */ = {isa = PBXBuildFile; fileRef = FD0273B8217DA7BF006E5F24 /* ViewController.swift */; };
		FD0273CC217DA7BF006E5F24 /* BaseViewController.swift in Sources */ = {isa = PBXBuildFile; fileRef = FD0273B9217DA7BF006E5F24 /* BaseViewController.swift */; };
		FD0273CD217DA7BF006E5F24 /* CacheViewController.swift in Sources */ = {isa = PBXBuildFile; fileRef = FD0273BA217DA7BF006E5F24 /* CacheViewController.swift */; };
		FD0273CE217DA7BF006E5F24 /* NormalMoyaViewController.swift in Sources */ = {isa = PBXBuildFile; fileRef = FD0273BB217DA7BF006E5F24 /* NormalMoyaViewController.swift */; };
		FD0273CF217DA7BF006E5F24 /* MultipleModelViewController.swift in Sources */ = {isa = PBXBuildFile; fileRef = FD0273BC217DA7BF006E5F24 /* MultipleModelViewController.swift */; };
		FD0273D0217DA7BF006E5F24 /* LXFNetworkTool.swift in Sources */ = {isa = PBXBuildFile; fileRef = FD0273BF217DA7BF006E5F24 /* LXFNetworkTool.swift */; };
		FD0273D1217DA7BF006E5F24 /* Parameters.swift in Sources */ = {isa = PBXBuildFile; fileRef = FD0273C1217DA7BF006E5F24 /* Parameters.swift */; };
		FD0273D2217DA7BF006E5F24 /* MoyaSugarProvider.swift in Sources */ = {isa = PBXBuildFile; fileRef = FD0273C2217DA7BF006E5F24 /* MoyaSugarProvider.swift */; };
		FD0273D3217DA7BF006E5F24 /* SugarTargetType.swift in Sources */ = {isa = PBXBuildFile; fileRef = FD0273C3217DA7BF006E5F24 /* SugarTargetType.swift */; };
		FD0273D4217DA7BF006E5F24 /* Route.swift in Sources */ = {isa = PBXBuildFile; fileRef = FD0273C4217DA7BF006E5F24 /* Route.swift */; };
		FD0273D5217DA7BF006E5F24 /* UITableView+Rx.swift in Sources */ = {isa = PBXBuildFile; fileRef = FD0273C6217DA7BF006E5F24 /* UITableView+Rx.swift */; };
		FD0273D7217DA81D006E5F24 /* GankApi.swift in Sources */ = {isa = PBXBuildFile; fileRef = FD0273D6217DA81D006E5F24 /* GankApi.swift */; };
		FD0273D9217DA9B1006E5F24 /* TypicodeApi.swift in Sources */ = {isa = PBXBuildFile; fileRef = FD0273D8217DA9B1006E5F24 /* TypicodeApi.swift */; };
		FD0273DC217DAB7B006E5F24 /* GankService.swift in Sources */ = {isa = PBXBuildFile; fileRef = FD0273DB217DAB7B006E5F24 /* GankService.swift */; };
		FD0273DE217DABB7006E5F24 /* Networking.swift in Sources */ = {isa = PBXBuildFile; fileRef = FD0273DD217DABB7006E5F24 /* Networking.swift */; };
		FD0273E0217DAD90006E5F24 /* Logger.swift in Sources */ = {isa = PBXBuildFile; fileRef = FD0273DF217DAD90006E5F24 /* Logger.swift */; };
		FD1989D9217F6F4D005E1E58 /* TypicodeService.swift in Sources */ = {isa = PBXBuildFile; fileRef = FD1989D8217F6F4D005E1E58 /* TypicodeService.swift */; };
/* End PBXBuildFile section */

/* Begin PBXContainerItemProxy section */
		607FACE61AFB9204008FA782 /* PBXContainerItemProxy */ = {
			isa = PBXContainerItemProxy;
			containerPortal = 607FACC81AFB9204008FA782 /* Project object */;
			proxyType = 1;
			remoteGlobalIDString = 607FACCF1AFB9204008FA782;
			remoteInfo = MoyaMapper;
		};
/* End PBXContainerItemProxy section */

/* Begin PBXFileReference section */
		1E3ACF85F0566394D861441E /* Pods_MoyaMapper_Tests.framework */ = {isa = PBXFileReference; explicitFileType = wrapper.framework; includeInIndex = 0; path = Pods_MoyaMapper_Tests.framework; sourceTree = BUILT_PRODUCTS_DIR; };
		3196A2035CECAFEA67894D4C /* Pods-MoyaMapper_Tests.debug.xcconfig */ = {isa = PBXFileReference; includeInIndex = 1; lastKnownFileType = text.xcconfig; name = "Pods-MoyaMapper_Tests.debug.xcconfig"; path = "Pods/Target Support Files/Pods-MoyaMapper_Tests/Pods-MoyaMapper_Tests.debug.xcconfig"; sourceTree = "<group>"; };
		5D677A33F7D2CD6EED1F8159 /* README.md */ = {isa = PBXFileReference; includeInIndex = 1; lastKnownFileType = net.daringfireball.markdown; name = README.md; path = ../README.md; sourceTree = "<group>"; };
		607FACD01AFB9204008FA782 /* MoyaMapper_Example.app */ = {isa = PBXFileReference; explicitFileType = wrapper.application; includeInIndex = 0; path = MoyaMapper_Example.app; sourceTree = BUILT_PRODUCTS_DIR; };
		607FACD41AFB9204008FA782 /* Info.plist */ = {isa = PBXFileReference; lastKnownFileType = text.plist.xml; path = Info.plist; sourceTree = "<group>"; };
		607FACD51AFB9204008FA782 /* AppDelegate.swift */ = {isa = PBXFileReference; lastKnownFileType = sourcecode.swift; path = AppDelegate.swift; sourceTree = "<group>"; };
		607FACDA1AFB9204008FA782 /* Base */ = {isa = PBXFileReference; lastKnownFileType = file.storyboard; name = Base; path = Base.lproj/Main.storyboard; sourceTree = "<group>"; };
		607FACDC1AFB9204008FA782 /* Images.xcassets */ = {isa = PBXFileReference; lastKnownFileType = folder.assetcatalog; path = Images.xcassets; sourceTree = "<group>"; };
		607FACDF1AFB9204008FA782 /* Base */ = {isa = PBXFileReference; lastKnownFileType = file.xib; name = Base; path = Base.lproj/LaunchScreen.xib; sourceTree = "<group>"; };
		607FACE51AFB9204008FA782 /* MoyaMapper_Tests.xctest */ = {isa = PBXFileReference; explicitFileType = wrapper.cfbundle; includeInIndex = 0; path = MoyaMapper_Tests.xctest; sourceTree = BUILT_PRODUCTS_DIR; };
		607FACEA1AFB9204008FA782 /* Info.plist */ = {isa = PBXFileReference; lastKnownFileType = text.plist.xml; path = Info.plist; sourceTree = "<group>"; };
		607FACEB1AFB9204008FA782 /* Tests.swift */ = {isa = PBXFileReference; lastKnownFileType = sourcecode.swift; path = Tests.swift; sourceTree = "<group>"; };
		696B1B3C81FA1DBFB03E0A1E /* Pods-MoyaMapper_Example.debug.xcconfig */ = {isa = PBXFileReference; includeInIndex = 1; lastKnownFileType = text.xcconfig; name = "Pods-MoyaMapper_Example.debug.xcconfig"; path = "Pods/Target Support Files/Pods-MoyaMapper_Example/Pods-MoyaMapper_Example.debug.xcconfig"; sourceTree = "<group>"; };
		7CABCD0C5760DBC3D7BB441A /* LICENSE */ = {isa = PBXFileReference; includeInIndex = 1; lastKnownFileType = text; name = LICENSE; path = ../LICENSE; sourceTree = "<group>"; };
		7D162279A43E93C33EDB67EC /* MoyaMapper.podspec */ = {isa = PBXFileReference; includeInIndex = 1; lastKnownFileType = text; name = MoyaMapper.podspec; path = ../MoyaMapper.podspec; sourceTree = "<group>"; xcLanguageSpecificationIdentifier = xcode.lang.ruby; };
		B6F4D2AB4067674F326A3C05 /* Pods-MoyaMapper_Example.release.xcconfig */ = {isa = PBXFileReference; includeInIndex = 1; lastKnownFileType = text.xcconfig; name = "Pods-MoyaMapper_Example.release.xcconfig"; path = "Pods/Target Support Files/Pods-MoyaMapper_Example/Pods-MoyaMapper_Example.release.xcconfig"; sourceTree = "<group>"; };
		CFA351889E9DBCC03999E651 /* Pods-MoyaMapper_Tests.release.xcconfig */ = {isa = PBXFileReference; includeInIndex = 1; lastKnownFileType = text.xcconfig; name = "Pods-MoyaMapper_Tests.release.xcconfig"; path = "Pods/Target Support Files/Pods-MoyaMapper_Tests/Pods-MoyaMapper_Tests.release.xcconfig"; sourceTree = "<group>"; };
		F626826386069280689B6FE6 /* Pods_MoyaMapper_Example.framework */ = {isa = PBXFileReference; explicitFileType = wrapper.framework; includeInIndex = 0; path = Pods_MoyaMapper_Example.framework; sourceTree = BUILT_PRODUCTS_DIR; };
		FD0273B1217DA7BF006E5F24 /* RxMoyaSection.swift */ = {isa = PBXFileReference; fileEncoding = 4; lastKnownFileType = sourcecode.swift; path = RxMoyaSection.swift; sourceTree = "<group>"; };
		FD0273B3217DA7BF006E5F24 /* MultipleModel.swift */ = {isa = PBXFileReference; fileEncoding = 4; lastKnownFileType = sourcecode.swift; path = MultipleModel.swift; sourceTree = "<group>"; };
		FD0273B4217DA7BF006E5F24 /* MyModel.swift */ = {isa = PBXFileReference; fileEncoding = 4; lastKnownFileType = sourcecode.swift; path = MyModel.swift; sourceTree = "<group>"; };
		FD0273B7217DA7BF006E5F24 /* RxMoyaViewController.swift */ = {isa = PBXFileReference; fileEncoding = 4; lastKnownFileType = sourcecode.swift; path = RxMoyaViewController.swift; sourceTree = "<group>"; };
		FD0273B8217DA7BF006E5F24 /* ViewController.swift */ = {isa = PBXFileReference; fileEncoding = 4; lastKnownFileType = sourcecode.swift; path = ViewController.swift; sourceTree = "<group>"; };
		FD0273B9217DA7BF006E5F24 /* BaseViewController.swift */ = {isa = PBXFileReference; fileEncoding = 4; lastKnownFileType = sourcecode.swift; path = BaseViewController.swift; sourceTree = "<group>"; };
		FD0273BA217DA7BF006E5F24 /* CacheViewController.swift */ = {isa = PBXFileReference; fileEncoding = 4; lastKnownFileType = sourcecode.swift; path = CacheViewController.swift; sourceTree = "<group>"; };
		FD0273BB217DA7BF006E5F24 /* NormalMoyaViewController.swift */ = {isa = PBXFileReference; fileEncoding = 4; lastKnownFileType = sourcecode.swift; path = NormalMoyaViewController.swift; sourceTree = "<group>"; };
		FD0273BC217DA7BF006E5F24 /* MultipleModelViewController.swift */ = {isa = PBXFileReference; fileEncoding = 4; lastKnownFileType = sourcecode.swift; path = MultipleModelViewController.swift; sourceTree = "<group>"; };
		FD0273BF217DA7BF006E5F24 /* LXFNetworkTool.swift */ = {isa = PBXFileReference; fileEncoding = 4; lastKnownFileType = sourcecode.swift; path = LXFNetworkTool.swift; sourceTree = "<group>"; };
		FD0273C1217DA7BF006E5F24 /* Parameters.swift */ = {isa = PBXFileReference; fileEncoding = 4; lastKnownFileType = sourcecode.swift; path = Parameters.swift; sourceTree = "<group>"; };
		FD0273C2217DA7BF006E5F24 /* MoyaSugarProvider.swift */ = {isa = PBXFileReference; fileEncoding = 4; lastKnownFileType = sourcecode.swift; path = MoyaSugarProvider.swift; sourceTree = "<group>"; };
		FD0273C3217DA7BF006E5F24 /* SugarTargetType.swift */ = {isa = PBXFileReference; fileEncoding = 4; lastKnownFileType = sourcecode.swift; path = SugarTargetType.swift; sourceTree = "<group>"; };
		FD0273C4217DA7BF006E5F24 /* Route.swift */ = {isa = PBXFileReference; fileEncoding = 4; lastKnownFileType = sourcecode.swift; path = Route.swift; sourceTree = "<group>"; };
		FD0273C6217DA7BF006E5F24 /* UITableView+Rx.swift */ = {isa = PBXFileReference; fileEncoding = 4; lastKnownFileType = sourcecode.swift; path = "UITableView+Rx.swift"; sourceTree = "<group>"; };
		FD0273D6217DA81D006E5F24 /* GankApi.swift */ = {isa = PBXFileReference; lastKnownFileType = sourcecode.swift; path = GankApi.swift; sourceTree = "<group>"; };
		FD0273D8217DA9B1006E5F24 /* TypicodeApi.swift */ = {isa = PBXFileReference; lastKnownFileType = sourcecode.swift; path = TypicodeApi.swift; sourceTree = "<group>"; };
		FD0273DB217DAB7B006E5F24 /* GankService.swift */ = {isa = PBXFileReference; lastKnownFileType = sourcecode.swift; path = GankService.swift; sourceTree = "<group>"; };
		FD0273DD217DABB7006E5F24 /* Networking.swift */ = {isa = PBXFileReference; lastKnownFileType = sourcecode.swift; path = Networking.swift; sourceTree = "<group>"; };
		FD0273DF217DAD90006E5F24 /* Logger.swift */ = {isa = PBXFileReference; lastKnownFileType = sourcecode.swift; path = Logger.swift; sourceTree = "<group>"; };
		FD1989D8217F6F4D005E1E58 /* TypicodeService.swift */ = {isa = PBXFileReference; lastKnownFileType = sourcecode.swift; path = TypicodeService.swift; sourceTree = "<group>"; };
/* End PBXFileReference section */

/* Begin PBXFrameworksBuildPhase section */
		607FACCD1AFB9204008FA782 /* Frameworks */ = {
			isa = PBXFrameworksBuildPhase;
			buildActionMask = 2147483647;
			files = (
				693F7EDF1AE21C3AD81AEFDD /* Pods_MoyaMapper_Example.framework in Frameworks */,
			);
			runOnlyForDeploymentPostprocessing = 0;
		};
		607FACE21AFB9204008FA782 /* Frameworks */ = {
			isa = PBXFrameworksBuildPhase;
			buildActionMask = 2147483647;
			files = (
				4221CC063CE6437C3AF56F52 /* Pods_MoyaMapper_Tests.framework in Frameworks */,
			);
			runOnlyForDeploymentPostprocessing = 0;
		};
/* End PBXFrameworksBuildPhase section */

/* Begin PBXGroup section */
		607FACC71AFB9204008FA782 = {
			isa = PBXGroup;
			children = (
				607FACF51AFB993E008FA782 /* Podspec Metadata */,
				607FACD21AFB9204008FA782 /* Example for MoyaMapper */,
				607FACE81AFB9204008FA782 /* Tests */,
				607FACD11AFB9204008FA782 /* Products */,
				B534B80A2D6E7FE9B464C88B /* Pods */,
				72B31B5C6106E14F95F197CB /* Frameworks */,
			);
			sourceTree = "<group>";
		};
		607FACD11AFB9204008FA782 /* Products */ = {
			isa = PBXGroup;
			children = (
				607FACD01AFB9204008FA782 /* MoyaMapper_Example.app */,
				607FACE51AFB9204008FA782 /* MoyaMapper_Tests.xctest */,
			);
			name = Products;
			sourceTree = "<group>";
		};
		607FACD21AFB9204008FA782 /* Example for MoyaMapper */ = {
			isa = PBXGroup;
			children = (
				FD0273B6217DA7BF006E5F24 /* Controllers */,
				FD0273B2217DA7BF006E5F24 /* Models */,
				FD0273B5217DA7BF006E5F24 /* Other */,
				FD0273B0217DA7BF006E5F24 /* Sections */,
				FD0273BD217DA7BF006E5F24 /* Utils */,
				607FACD31AFB9204008FA782 /* Supporting Files */,
			);
			name = "Example for MoyaMapper";
			path = MoyaMapper;
			sourceTree = "<group>";
		};
		607FACD31AFB9204008FA782 /* Supporting Files */ = {
			isa = PBXGroup;
			children = (
				607FACD41AFB9204008FA782 /* Info.plist */,
			);
			name = "Supporting Files";
			sourceTree = "<group>";
		};
		607FACE81AFB9204008FA782 /* Tests */ = {
			isa = PBXGroup;
			children = (
				607FACEB1AFB9204008FA782 /* Tests.swift */,
				607FACE91AFB9204008FA782 /* Supporting Files */,
			);
			path = Tests;
			sourceTree = "<group>";
		};
		607FACE91AFB9204008FA782 /* Supporting Files */ = {
			isa = PBXGroup;
			children = (
				607FACEA1AFB9204008FA782 /* Info.plist */,
			);
			name = "Supporting Files";
			sourceTree = "<group>";
		};
		607FACF51AFB993E008FA782 /* Podspec Metadata */ = {
			isa = PBXGroup;
			children = (
				7D162279A43E93C33EDB67EC /* MoyaMapper.podspec */,
				5D677A33F7D2CD6EED1F8159 /* README.md */,
				7CABCD0C5760DBC3D7BB441A /* LICENSE */,
			);
			name = "Podspec Metadata";
			sourceTree = "<group>";
		};
		72B31B5C6106E14F95F197CB /* Frameworks */ = {
			isa = PBXGroup;
			children = (
				F626826386069280689B6FE6 /* Pods_MoyaMapper_Example.framework */,
				1E3ACF85F0566394D861441E /* Pods_MoyaMapper_Tests.framework */,
			);
			name = Frameworks;
			sourceTree = "<group>";
		};
		B534B80A2D6E7FE9B464C88B /* Pods */ = {
			isa = PBXGroup;
			children = (
				696B1B3C81FA1DBFB03E0A1E /* Pods-MoyaMapper_Example.debug.xcconfig */,
				B6F4D2AB4067674F326A3C05 /* Pods-MoyaMapper_Example.release.xcconfig */,
				3196A2035CECAFEA67894D4C /* Pods-MoyaMapper_Tests.debug.xcconfig */,
				CFA351889E9DBCC03999E651 /* Pods-MoyaMapper_Tests.release.xcconfig */,
			);
			name = Pods;
			sourceTree = "<group>";
		};
		FD0273B0217DA7BF006E5F24 /* Sections */ = {
			isa = PBXGroup;
			children = (
				FD0273B1217DA7BF006E5F24 /* RxMoyaSection.swift */,
			);
			path = Sections;
			sourceTree = "<group>";
		};
		FD0273B2217DA7BF006E5F24 /* Models */ = {
			isa = PBXGroup;
			children = (
				FD0273B3217DA7BF006E5F24 /* MultipleModel.swift */,
				FD0273B4217DA7BF006E5F24 /* MyModel.swift */,
			);
			path = Models;
			sourceTree = "<group>";
		};
		FD0273B5217DA7BF006E5F24 /* Other */ = {
			isa = PBXGroup;
			children = (
				607FACD51AFB9204008FA782 /* AppDelegate.swift */,
				607FACD91AFB9204008FA782 /* Main.storyboard */,
				607FACDC1AFB9204008FA782 /* Images.xcassets */,
				607FACDE1AFB9204008FA782 /* LaunchScreen.xib */,
			);
			path = Other;
			sourceTree = "<group>";
		};
		FD0273B6217DA7BF006E5F24 /* Controllers */ = {
			isa = PBXGroup;
			children = (
				FD0273B7217DA7BF006E5F24 /* RxMoyaViewController.swift */,
				FD0273B8217DA7BF006E5F24 /* ViewController.swift */,
				FD0273B9217DA7BF006E5F24 /* BaseViewController.swift */,
				FD0273BA217DA7BF006E5F24 /* CacheViewController.swift */,
				FD0273BB217DA7BF006E5F24 /* NormalMoyaViewController.swift */,
				FD0273BC217DA7BF006E5F24 /* MultipleModelViewController.swift */,
			);
			path = Controllers;
			sourceTree = "<group>";
		};
		FD0273BD217DA7BF006E5F24 /* Utils */ = {
			isa = PBXGroup;
			children = (
				FD0273DA217DAB64006E5F24 /* Services */,
				FD0273BE217DA7BF006E5F24 /* Networking */,
				FD0273C5217DA7BF006E5F24 /* Rx */,
				FD0273DF217DAD90006E5F24 /* Logger.swift */,
			);
			path = Utils;
			sourceTree = "<group>";
		};
		FD0273BE217DA7BF006E5F24 /* Networking */ = {
			isa = PBXGroup;
			children = (
				FD0273BF217DA7BF006E5F24 /* LXFNetworkTool.swift */,
				FD0273D6217DA81D006E5F24 /* GankApi.swift */,
				FD0273D8217DA9B1006E5F24 /* TypicodeApi.swift */,
				FD0273DD217DABB7006E5F24 /* Networking.swift */,
				FD0273C0217DA7BF006E5F24 /* MoyaSugar */,
			);
			path = Networking;
			sourceTree = "<group>";
		};
		FD0273C0217DA7BF006E5F24 /* MoyaSugar */ = {
			isa = PBXGroup;
			children = (
				FD0273C1217DA7BF006E5F24 /* Parameters.swift */,
				FD0273C2217DA7BF006E5F24 /* MoyaSugarProvider.swift */,
				FD0273C3217DA7BF006E5F24 /* SugarTargetType.swift */,
				FD0273C4217DA7BF006E5F24 /* Route.swift */,
			);
			path = MoyaSugar;
			sourceTree = "<group>";
		};
		FD0273C5217DA7BF006E5F24 /* Rx */ = {
			isa = PBXGroup;
			children = (
				FD0273C6217DA7BF006E5F24 /* UITableView+Rx.swift */,
			);
			path = Rx;
			sourceTree = "<group>";
		};
		FD0273DA217DAB64006E5F24 /* Services */ = {
			isa = PBXGroup;
			children = (
				FD0273DB217DAB7B006E5F24 /* GankService.swift */,
				FD1989D8217F6F4D005E1E58 /* TypicodeService.swift */,
			);
			path = Services;
			sourceTree = "<group>";
		};
/* End PBXGroup section */

/* Begin PBXNativeTarget section */
		607FACCF1AFB9204008FA782 /* MoyaMapper_Example */ = {
			isa = PBXNativeTarget;
			buildConfigurationList = 607FACEF1AFB9204008FA782 /* Build configuration list for PBXNativeTarget "MoyaMapper_Example" */;
			buildPhases = (
				2CC710FF74C284994E1DFF34 /* [CP] Check Pods Manifest.lock */,
				607FACCC1AFB9204008FA782 /* Sources */,
				607FACCD1AFB9204008FA782 /* Frameworks */,
				607FACCE1AFB9204008FA782 /* Resources */,
				C2EA78996E1762C3DE556044 /* [CP] Embed Pods Frameworks */,
			);
			buildRules = (
			);
			dependencies = (
			);
			name = MoyaMapper_Example;
			productName = MoyaMapper;
			productReference = 607FACD01AFB9204008FA782 /* MoyaMapper_Example.app */;
			productType = "com.apple.product-type.application";
		};
		607FACE41AFB9204008FA782 /* MoyaMapper_Tests */ = {
			isa = PBXNativeTarget;
			buildConfigurationList = 607FACF21AFB9204008FA782 /* Build configuration list for PBXNativeTarget "MoyaMapper_Tests" */;
			buildPhases = (
				D30EA93D57A075D16EB30F29 /* [CP] Check Pods Manifest.lock */,
				607FACE11AFB9204008FA782 /* Sources */,
				607FACE21AFB9204008FA782 /* Frameworks */,
				607FACE31AFB9204008FA782 /* Resources */,
			);
			buildRules = (
			);
			dependencies = (
				607FACE71AFB9204008FA782 /* PBXTargetDependency */,
			);
			name = MoyaMapper_Tests;
			productName = Tests;
			productReference = 607FACE51AFB9204008FA782 /* MoyaMapper_Tests.xctest */;
			productType = "com.apple.product-type.bundle.unit-test";
		};
/* End PBXNativeTarget section */

/* Begin PBXProject section */
		607FACC81AFB9204008FA782 /* Project object */ = {
			isa = PBXProject;
			attributes = {
				LastSwiftUpdateCheck = 0830;
				LastUpgradeCheck = 0830;
				ORGANIZATIONNAME = CocoaPods;
				TargetAttributes = {
					607FACCF1AFB9204008FA782 = {
						CreatedOnToolsVersion = 6.3.1;
						DevelopmentTeam = 94TA46J9NJ;
						LastSwiftMigration = 0900;
						ProvisioningStyle = Automatic;
					};
					607FACE41AFB9204008FA782 = {
						CreatedOnToolsVersion = 6.3.1;
						DevelopmentTeam = 94TA46J9NJ;
						LastSwiftMigration = 0900;
						ProvisioningStyle = Automatic;
						TestTargetID = 607FACCF1AFB9204008FA782;
					};
				};
			};
			buildConfigurationList = 607FACCB1AFB9204008FA782 /* Build configuration list for PBXProject "MoyaMapper" */;
			compatibilityVersion = "Xcode 3.2";
			developmentRegion = English;
			hasScannedForEncodings = 0;
			knownRegions = (
				en,
				Base,
			);
			mainGroup = 607FACC71AFB9204008FA782;
			productRefGroup = 607FACD11AFB9204008FA782 /* Products */;
			projectDirPath = "";
			projectRoot = "";
			targets = (
				607FACCF1AFB9204008FA782 /* MoyaMapper_Example */,
				607FACE41AFB9204008FA782 /* MoyaMapper_Tests */,
			);
		};
/* End PBXProject section */

/* Begin PBXResourcesBuildPhase section */
		607FACCE1AFB9204008FA782 /* Resources */ = {
			isa = PBXResourcesBuildPhase;
			buildActionMask = 2147483647;
			files = (
				607FACDB1AFB9204008FA782 /* Main.storyboard in Resources */,
				607FACE01AFB9204008FA782 /* LaunchScreen.xib in Resources */,
				607FACDD1AFB9204008FA782 /* Images.xcassets in Resources */,
			);
			runOnlyForDeploymentPostprocessing = 0;
		};
		607FACE31AFB9204008FA782 /* Resources */ = {
			isa = PBXResourcesBuildPhase;
			buildActionMask = 2147483647;
			files = (
			);
			runOnlyForDeploymentPostprocessing = 0;
		};
/* End PBXResourcesBuildPhase section */

/* Begin PBXShellScriptBuildPhase section */
		2CC710FF74C284994E1DFF34 /* [CP] Check Pods Manifest.lock */ = {
			isa = PBXShellScriptBuildPhase;
			buildActionMask = 2147483647;
			files = (
			);
			inputPaths = (
				"${PODS_PODFILE_DIR_PATH}/Podfile.lock",
				"${PODS_ROOT}/Manifest.lock",
			);
			name = "[CP] Check Pods Manifest.lock";
			outputPaths = (
				"$(DERIVED_FILE_DIR)/Pods-MoyaMapper_Example-checkManifestLockResult.txt",
			);
			runOnlyForDeploymentPostprocessing = 0;
			shellPath = /bin/sh;
			shellScript = "diff \"${PODS_PODFILE_DIR_PATH}/Podfile.lock\" \"${PODS_ROOT}/Manifest.lock\" > /dev/null\nif [ $? != 0 ] ; then\n    # print error to STDERR\n    echo \"error: The sandbox is not in sync with the Podfile.lock. Run 'pod install' or update your CocoaPods installation.\" >&2\n    exit 1\nfi\n# This output is used by Xcode 'outputs' to avoid re-running this script phase.\necho \"SUCCESS\" > \"${SCRIPT_OUTPUT_FILE_0}\"\n";
			showEnvVarsInLog = 0;
		};
		C2EA78996E1762C3DE556044 /* [CP] Embed Pods Frameworks */ = {
			isa = PBXShellScriptBuildPhase;
			buildActionMask = 2147483647;
			files = (
			);
			inputPaths = (
				"${PODS_ROOT}/Target Support Files/Pods-MoyaMapper_Example/Pods-MoyaMapper_Example-frameworks.sh",
				"${BUILT_PRODUCTS_DIR}/Alamofire/Alamofire.framework",
				"${BUILT_PRODUCTS_DIR}/Cache/Cache.framework",
				"${BUILT_PRODUCTS_DIR}/Differentiator/Differentiator.framework",
				"${BUILT_PRODUCTS_DIR}/Moya/Moya.framework",
				"${BUILT_PRODUCTS_DIR}/MoyaMapper/MoyaMapper.framework",
				"${BUILT_PRODUCTS_DIR}/Result/Result.framework",
				"${BUILT_PRODUCTS_DIR}/RxCocoa/RxCocoa.framework",
				"${BUILT_PRODUCTS_DIR}/RxDataSources/RxDataSources.framework",
				"${BUILT_PRODUCTS_DIR}/RxSwift/RxSwift.framework",
				"${BUILT_PRODUCTS_DIR}/SwiftyJSON/SwiftyJSON.framework",
			);
			name = "[CP] Embed Pods Frameworks";
			outputPaths = (
				"${TARGET_BUILD_DIR}/${FRAMEWORKS_FOLDER_PATH}/Alamofire.framework",
				"${TARGET_BUILD_DIR}/${FRAMEWORKS_FOLDER_PATH}/Cache.framework",
				"${TARGET_BUILD_DIR}/${FRAMEWORKS_FOLDER_PATH}/Differentiator.framework",
				"${TARGET_BUILD_DIR}/${FRAMEWORKS_FOLDER_PATH}/Moya.framework",
				"${TARGET_BUILD_DIR}/${FRAMEWORKS_FOLDER_PATH}/MoyaMapper.framework",
				"${TARGET_BUILD_DIR}/${FRAMEWORKS_FOLDER_PATH}/Result.framework",
				"${TARGET_BUILD_DIR}/${FRAMEWORKS_FOLDER_PATH}/RxCocoa.framework",
				"${TARGET_BUILD_DIR}/${FRAMEWORKS_FOLDER_PATH}/RxDataSources.framework",
				"${TARGET_BUILD_DIR}/${FRAMEWORKS_FOLDER_PATH}/RxSwift.framework",
				"${TARGET_BUILD_DIR}/${FRAMEWORKS_FOLDER_PATH}/SwiftyJSON.framework",
			);
			runOnlyForDeploymentPostprocessing = 0;
			shellPath = /bin/sh;
			shellScript = "\"${PODS_ROOT}/Target Support Files/Pods-MoyaMapper_Example/Pods-MoyaMapper_Example-frameworks.sh\"\n";
			showEnvVarsInLog = 0;
		};
		D30EA93D57A075D16EB30F29 /* [CP] Check Pods Manifest.lock */ = {
			isa = PBXShellScriptBuildPhase;
			buildActionMask = 2147483647;
			files = (
			);
			inputPaths = (
				"${PODS_PODFILE_DIR_PATH}/Podfile.lock",
				"${PODS_ROOT}/Manifest.lock",
			);
			name = "[CP] Check Pods Manifest.lock";
			outputPaths = (
				"$(DERIVED_FILE_DIR)/Pods-MoyaMapper_Tests-checkManifestLockResult.txt",
			);
			runOnlyForDeploymentPostprocessing = 0;
			shellPath = /bin/sh;
			shellScript = "diff \"${PODS_PODFILE_DIR_PATH}/Podfile.lock\" \"${PODS_ROOT}/Manifest.lock\" > /dev/null\nif [ $? != 0 ] ; then\n    # print error to STDERR\n    echo \"error: The sandbox is not in sync with the Podfile.lock. Run 'pod install' or update your CocoaPods installation.\" >&2\n    exit 1\nfi\n# This output is used by Xcode 'outputs' to avoid re-running this script phase.\necho \"SUCCESS\" > \"${SCRIPT_OUTPUT_FILE_0}\"\n";
			showEnvVarsInLog = 0;
		};
/* End PBXShellScriptBuildPhase section */

/* Begin PBXSourcesBuildPhase section */
		607FACCC1AFB9204008FA782 /* Sources */ = {
			isa = PBXSourcesBuildPhase;
			buildActionMask = 2147483647;
			files = (
				FD0273D7217DA81D006E5F24 /* GankApi.swift in Sources */,
				FD0273CB217DA7BF006E5F24 /* ViewController.swift in Sources */,
				FD0273DC217DAB7B006E5F24 /* GankService.swift in Sources */,
				FD0273D2217DA7BF006E5F24 /* MoyaSugarProvider.swift in Sources */,
				FD0273C8217DA7BF006E5F24 /* MultipleModel.swift in Sources */,
				FD0273D4217DA7BF006E5F24 /* Route.swift in Sources */,
				FD0273CA217DA7BF006E5F24 /* RxMoyaViewController.swift in Sources */,
				FD0273D5217DA7BF006E5F24 /* UITableView+Rx.swift in Sources */,
				FD1989D9217F6F4D005E1E58 /* TypicodeService.swift in Sources */,
				607FACD61AFB9204008FA782 /* AppDelegate.swift in Sources */,
				FD0273D3217DA7BF006E5F24 /* SugarTargetType.swift in Sources */,
				FD0273D9217DA9B1006E5F24 /* TypicodeApi.swift in Sources */,
				FD0273DE217DABB7006E5F24 /* Networking.swift in Sources */,
				FD0273CF217DA7BF006E5F24 /* MultipleModelViewController.swift in Sources */,
				FD0273C7217DA7BF006E5F24 /* RxMoyaSection.swift in Sources */,
				FD0273CC217DA7BF006E5F24 /* BaseViewController.swift in Sources */,
				FD0273CE217DA7BF006E5F24 /* NormalMoyaViewController.swift in Sources */,
				FD0273E0217DAD90006E5F24 /* Logger.swift in Sources */,
				FD0273C9217DA7BF006E5F24 /* MyModel.swift in Sources */,
				FD0273CD217DA7BF006E5F24 /* CacheViewController.swift in Sources */,
				FD0273D0217DA7BF006E5F24 /* LXFNetworkTool.swift in Sources */,
				FD0273D1217DA7BF006E5F24 /* Parameters.swift in Sources */,
			);
			runOnlyForDeploymentPostprocessing = 0;
		};
		607FACE11AFB9204008FA782 /* Sources */ = {
			isa = PBXSourcesBuildPhase;
			buildActionMask = 2147483647;
			files = (
				607FACEC1AFB9204008FA782 /* Tests.swift in Sources */,
			);
			runOnlyForDeploymentPostprocessing = 0;
		};
/* End PBXSourcesBuildPhase section */

/* Begin PBXTargetDependency section */
		607FACE71AFB9204008FA782 /* PBXTargetDependency */ = {
			isa = PBXTargetDependency;
			target = 607FACCF1AFB9204008FA782 /* MoyaMapper_Example */;
			targetProxy = 607FACE61AFB9204008FA782 /* PBXContainerItemProxy */;
		};
/* End PBXTargetDependency section */

/* Begin PBXVariantGroup section */
		607FACD91AFB9204008FA782 /* Main.storyboard */ = {
			isa = PBXVariantGroup;
			children = (
				607FACDA1AFB9204008FA782 /* Base */,
			);
			name = Main.storyboard;
			sourceTree = "<group>";
		};
		607FACDE1AFB9204008FA782 /* LaunchScreen.xib */ = {
			isa = PBXVariantGroup;
			children = (
				607FACDF1AFB9204008FA782 /* Base */,
			);
			name = LaunchScreen.xib;
			sourceTree = "<group>";
		};
/* End PBXVariantGroup section */

/* Begin XCBuildConfiguration section */
		607FACED1AFB9204008FA782 /* Debug */ = {
			isa = XCBuildConfiguration;
			buildSettings = {
				ALWAYS_SEARCH_USER_PATHS = NO;
				CLANG_CXX_LANGUAGE_STANDARD = "gnu++0x";
				CLANG_CXX_LIBRARY = "libc++";
				CLANG_ENABLE_MODULES = YES;
				CLANG_ENABLE_OBJC_ARC = YES;
				CLANG_WARN_BLOCK_CAPTURE_AUTORELEASING = YES;
				CLANG_WARN_BOOL_CONVERSION = YES;
				CLANG_WARN_COMMA = YES;
				CLANG_WARN_CONSTANT_CONVERSION = YES;
				CLANG_WARN_DIRECT_OBJC_ISA_USAGE = YES_ERROR;
				CLANG_WARN_EMPTY_BODY = YES;
				CLANG_WARN_ENUM_CONVERSION = YES;
				CLANG_WARN_INFINITE_RECURSION = YES;
				CLANG_WARN_INT_CONVERSION = YES;
				CLANG_WARN_NON_LITERAL_NULL_CONVERSION = YES;
				CLANG_WARN_OBJC_LITERAL_CONVERSION = YES;
				CLANG_WARN_OBJC_ROOT_CLASS = YES_ERROR;
				CLANG_WARN_RANGE_LOOP_ANALYSIS = YES;
				CLANG_WARN_STRICT_PROTOTYPES = YES;
				CLANG_WARN_SUSPICIOUS_MOVE = YES;
				CLANG_WARN_UNREACHABLE_CODE = YES;
				CLANG_WARN__DUPLICATE_METHOD_MATCH = YES;
				"CODE_SIGN_IDENTITY[sdk=iphoneos*]" = "iPhone Developer";
				COPY_PHASE_STRIP = NO;
				DEBUG_INFORMATION_FORMAT = "dwarf-with-dsym";
				ENABLE_STRICT_OBJC_MSGSEND = YES;
				ENABLE_TESTABILITY = YES;
				GCC_C_LANGUAGE_STANDARD = gnu99;
				GCC_DYNAMIC_NO_PIC = NO;
				GCC_NO_COMMON_BLOCKS = YES;
				GCC_OPTIMIZATION_LEVEL = 0;
				GCC_PREPROCESSOR_DEFINITIONS = (
					"DEBUG=1",
					"$(inherited)",
				);
				GCC_SYMBOLS_PRIVATE_EXTERN = NO;
				GCC_WARN_64_TO_32_BIT_CONVERSION = YES;
				GCC_WARN_ABOUT_RETURN_TYPE = YES_ERROR;
				GCC_WARN_UNDECLARED_SELECTOR = YES;
				GCC_WARN_UNINITIALIZED_AUTOS = YES_AGGRESSIVE;
				GCC_WARN_UNUSED_FUNCTION = YES;
				GCC_WARN_UNUSED_VARIABLE = YES;
				IPHONEOS_DEPLOYMENT_TARGET = 9.3;
				MTL_ENABLE_DEBUG_INFO = YES;
				ONLY_ACTIVE_ARCH = YES;
				SDKROOT = iphoneos;
				SWIFT_OPTIMIZATION_LEVEL = "-Onone";
			};
			name = Debug;
		};
		607FACEE1AFB9204008FA782 /* Release */ = {
			isa = XCBuildConfiguration;
			buildSettings = {
				ALWAYS_SEARCH_USER_PATHS = NO;
				CLANG_CXX_LANGUAGE_STANDARD = "gnu++0x";
				CLANG_CXX_LIBRARY = "libc++";
				CLANG_ENABLE_MODULES = YES;
				CLANG_ENABLE_OBJC_ARC = YES;
				CLANG_WARN_BLOCK_CAPTURE_AUTORELEASING = YES;
				CLANG_WARN_BOOL_CONVERSION = YES;
				CLANG_WARN_COMMA = YES;
				CLANG_WARN_CONSTANT_CONVERSION = YES;
				CLANG_WARN_DIRECT_OBJC_ISA_USAGE = YES_ERROR;
				CLANG_WARN_EMPTY_BODY = YES;
				CLANG_WARN_ENUM_CONVERSION = YES;
				CLANG_WARN_INFINITE_RECURSION = YES;
				CLANG_WARN_INT_CONVERSION = YES;
				CLANG_WARN_NON_LITERAL_NULL_CONVERSION = YES;
				CLANG_WARN_OBJC_LITERAL_CONVERSION = YES;
				CLANG_WARN_OBJC_ROOT_CLASS = YES_ERROR;
				CLANG_WARN_RANGE_LOOP_ANALYSIS = YES;
				CLANG_WARN_STRICT_PROTOTYPES = YES;
				CLANG_WARN_SUSPICIOUS_MOVE = YES;
				CLANG_WARN_UNREACHABLE_CODE = YES;
				CLANG_WARN__DUPLICATE_METHOD_MATCH = YES;
				"CODE_SIGN_IDENTITY[sdk=iphoneos*]" = "iPhone Developer";
				COPY_PHASE_STRIP = NO;
				DEBUG_INFORMATION_FORMAT = "dwarf-with-dsym";
				ENABLE_NS_ASSERTIONS = NO;
				ENABLE_STRICT_OBJC_MSGSEND = YES;
				GCC_C_LANGUAGE_STANDARD = gnu99;
				GCC_NO_COMMON_BLOCKS = YES;
				GCC_WARN_64_TO_32_BIT_CONVERSION = YES;
				GCC_WARN_ABOUT_RETURN_TYPE = YES_ERROR;
				GCC_WARN_UNDECLARED_SELECTOR = YES;
				GCC_WARN_UNINITIALIZED_AUTOS = YES_AGGRESSIVE;
				GCC_WARN_UNUSED_FUNCTION = YES;
				GCC_WARN_UNUSED_VARIABLE = YES;
				IPHONEOS_DEPLOYMENT_TARGET = 9.3;
				MTL_ENABLE_DEBUG_INFO = NO;
				SDKROOT = iphoneos;
				SWIFT_OPTIMIZATION_LEVEL = "-Owholemodule";
				VALIDATE_PRODUCT = YES;
			};
			name = Release;
		};
		607FACF01AFB9204008FA782 /* Debug */ = {
			isa = XCBuildConfiguration;
			baseConfigurationReference = 696B1B3C81FA1DBFB03E0A1E /* Pods-MoyaMapper_Example.debug.xcconfig */;
			buildSettings = {
				ASSETCATALOG_COMPILER_APPICON_NAME = AppIcon;
				CODE_SIGN_IDENTITY = "iPhone Developer";
				CODE_SIGN_STYLE = Automatic;
				DEVELOPMENT_TEAM = 94TA46J9NJ;
				INFOPLIST_FILE = MoyaMapper/Info.plist;
				LD_RUNPATH_SEARCH_PATHS = "$(inherited) @executable_path/Frameworks";
				MODULE_NAME = ExampleApp;
				OTHER_SWIFT_FLAGS = "$(inherited) -D COCOAPODS -D DEBUG";
				PRODUCT_BUNDLE_IDENTIFIER = "org.cocoapods.demo.$(PRODUCT_NAME:rfc1034identifier)";
				PRODUCT_NAME = "$(TARGET_NAME)";
				PROVISIONING_PROFILE = "";
				PROVISIONING_PROFILE_SPECIFIER = "";
				SWIFT_SWIFT3_OBJC_INFERENCE = Default;
				SWIFT_VERSION = 4.0;
			};
			name = Debug;
		};
		607FACF11AFB9204008FA782 /* Release */ = {
			isa = XCBuildConfiguration;
			baseConfigurationReference = B6F4D2AB4067674F326A3C05 /* Pods-MoyaMapper_Example.release.xcconfig */;
			buildSettings = {
				ASSETCATALOG_COMPILER_APPICON_NAME = AppIcon;
				CODE_SIGN_IDENTITY = "iPhone Developer";
				CODE_SIGN_STYLE = Automatic;
				DEVELOPMENT_TEAM = 94TA46J9NJ;
				INFOPLIST_FILE = MoyaMapper/Info.plist;
				LD_RUNPATH_SEARCH_PATHS = "$(inherited) @executable_path/Frameworks";
				MODULE_NAME = ExampleApp;
				OTHER_SWIFT_FLAGS = "$(inherited) -D COCOAPODS -D DEBUG";
				PRODUCT_BUNDLE_IDENTIFIER = "org.cocoapods.demo.$(PRODUCT_NAME:rfc1034identifier)";
				PRODUCT_NAME = "$(TARGET_NAME)";
				PROVISIONING_PROFILE_SPECIFIER = "";
				SWIFT_SWIFT3_OBJC_INFERENCE = Default;
				SWIFT_VERSION = 4.0;
			};
			name = Release;
		};
		607FACF31AFB9204008FA782 /* Debug */ = {
			isa = XCBuildConfiguration;
			baseConfigurationReference = 3196A2035CECAFEA67894D4C /* Pods-MoyaMapper_Tests.debug.xcconfig */;
			buildSettings = {
				CODE_SIGN_IDENTITY = "iPhone Developer";
				CODE_SIGN_STYLE = Automatic;
				DEVELOPMENT_TEAM = 94TA46J9NJ;
				FRAMEWORK_SEARCH_PATHS = (
					"$(SDKROOT)/Developer/Library/Frameworks",
					"$(inherited)",
				);
				GCC_PREPROCESSOR_DEFINITIONS = (
					"DEBUG=1",
					"$(inherited)",
				);
				INFOPLIST_FILE = Tests/Info.plist;
				LD_RUNPATH_SEARCH_PATHS = "$(inherited) @executable_path/Frameworks @loader_path/Frameworks";
				PRODUCT_BUNDLE_IDENTIFIER = "org.cocoapods.$(PRODUCT_NAME:rfc1034identifier)";
				PRODUCT_NAME = "$(TARGET_NAME)";
				PROVISIONING_PROFILE_SPECIFIER = "";
				SWIFT_SWIFT3_OBJC_INFERENCE = Default;
				SWIFT_VERSION = 4.0;
			};
			name = Debug;
		};
		607FACF41AFB9204008FA782 /* Release */ = {
			isa = XCBuildConfiguration;
			baseConfigurationReference = CFA351889E9DBCC03999E651 /* Pods-MoyaMapper_Tests.release.xcconfig */;
			buildSettings = {
				CODE_SIGN_IDENTITY = "iPhone Developer";
				CODE_SIGN_STYLE = Automatic;
				DEVELOPMENT_TEAM = 94TA46J9NJ;
				FRAMEWORK_SEARCH_PATHS = (
					"$(SDKROOT)/Developer/Library/Frameworks",
					"$(inherited)",
				);
				INFOPLIST_FILE = Tests/Info.plist;
				LD_RUNPATH_SEARCH_PATHS = "$(inherited) @executable_path/Frameworks @loader_path/Frameworks";
				PRODUCT_BUNDLE_IDENTIFIER = "org.cocoapods.$(PRODUCT_NAME:rfc1034identifier)";
				PRODUCT_NAME = "$(TARGET_NAME)";
				PROVISIONING_PROFILE_SPECIFIER = "";
				SWIFT_SWIFT3_OBJC_INFERENCE = Default;
				SWIFT_VERSION = 4.0;
			};
			name = Release;
		};
/* End XCBuildConfiguration section */

/* Begin XCConfigurationList section */
		607FACCB1AFB9204008FA782 /* Build configuration list for PBXProject "MoyaMapper" */ = {
			isa = XCConfigurationList;
			buildConfigurations = (
				607FACED1AFB9204008FA782 /* Debug */,
				607FACEE1AFB9204008FA782 /* Release */,
			);
			defaultConfigurationIsVisible = 0;
			defaultConfigurationName = Release;
		};
		607FACEF1AFB9204008FA782 /* Build configuration list for PBXNativeTarget "MoyaMapper_Example" */ = {
			isa = XCConfigurationList;
			buildConfigurations = (
				607FACF01AFB9204008FA782 /* Debug */,
				607FACF11AFB9204008FA782 /* Release */,
			);
			defaultConfigurationIsVisible = 0;
			defaultConfigurationName = Release;
		};
		607FACF21AFB9204008FA782 /* Build configuration list for PBXNativeTarget "MoyaMapper_Tests" */ = {
			isa = XCConfigurationList;
			buildConfigurations = (
				607FACF31AFB9204008FA782 /* Debug */,
				607FACF41AFB9204008FA782 /* Release */,
			);
			defaultConfigurationIsVisible = 0;
			defaultConfigurationName = Release;
		};
/* End XCConfigurationList section */
	};
	rootObject = 607FACC81AFB9204008FA782 /* Project object */;
}
