// !$*UTF8*$!
{
	archiveVersion = 1;
	classes = {
	};
	objectVersion = 46;
	objects = {

/* Begin PBXBuildFile section */
		607FACEC1AFB9204008FA782 /* Tests.swift in Sources */ = {isa = PBXBuildFile; fileRef = 607FACEB1AFB9204008FA782 /* Tests.swift */; };
		9058EF5CA68B84FF26EBD812 /* Pods_MoyaMapper_Tests.framework in Frameworks */ = {isa = PBXBuildFile; fileRef = D9857575E4842FBA04E34F8A /* Pods_MoyaMapper_Tests.framework */; };
		FD3ADA2E2243DCB8005F6715 /* MMJSONDecodingStorage.swift in Sources */ = {isa = PBXBuildFile; fileRef = FD3ADA1E2243DCB8005F6715 /* MMJSONDecodingStorage.swift */; };
		FD3ADA2F2243DCB8005F6715 /* MMJSONDecoder.swift in Sources */ = {isa = PBXBuildFile; fileRef = FD3ADA1F2243DCB8005F6715 /* MMJSONDecoder.swift */; };
		FD3ADA302243DCB8005F6715 /* MMJSONDecoder+DecodingError.swift in Sources */ = {isa = PBXBuildFile; fileRef = FD3ADA202243DCB8005F6715 /* MMJSONDecoder+DecodingError.swift */; };
		FD3ADA312243DCB8005F6715 /* MMJSONDefault.swift in Sources */ = {isa = PBXBuildFile; fileRef = FD3ADA212243DCB8005F6715 /* MMJSONDefault.swift */; };
		FD3ADA322243DCB8005F6715 /* MMJSONUnkeyedEncodingContainer.swift in Sources */ = {isa = PBXBuildFile; fileRef = FD3ADA222243DCB8005F6715 /* MMJSONUnkeyedEncodingContainer.swift */; };
		FD3ADA332243DCB8005F6715 /* MMJSONEncoder+SingleValueEncodingContainer.swift in Sources */ = {isa = PBXBuildFile; fileRef = FD3ADA232243DCB8005F6715 /* MMJSONEncoder+SingleValueEncodingContainer.swift */; };
		FD3ADA342243DCB8005F6715 /* MMJSONDecoder+SingleValueDecodingContainer.swift in Sources */ = {isa = PBXBuildFile; fileRef = FD3ADA242243DCB8005F6715 /* MMJSONDecoder+SingleValueDecodingContainer.swift */; };
		FD3ADA352243DCB8005F6715 /* MMJSONKeyedEncodingContainer.swift in Sources */ = {isa = PBXBuildFile; fileRef = FD3ADA252243DCB8005F6715 /* MMJSONKeyedEncodingContainer.swift */; };
		FD3ADA362243DCB8005F6715 /* MMJSONReferencingEncoder.swift in Sources */ = {isa = PBXBuildFile; fileRef = FD3ADA262243DCB8005F6715 /* MMJSONReferencingEncoder.swift */; };
		FD3ADA372243DCB8005F6715 /* MMJSONEncoder.swift in Sources */ = {isa = PBXBuildFile; fileRef = FD3ADA272243DCB8005F6715 /* MMJSONEncoder.swift */; };
		FD3ADA382243DCB8005F6715 /* MMJSONEncoder+Box.swift in Sources */ = {isa = PBXBuildFile; fileRef = FD3ADA282243DCB8005F6715 /* MMJSONEncoder+Box.swift */; };
		FD3ADA392243DCB8005F6715 /* MMJSONDecoder+Unbox.swift in Sources */ = {isa = PBXBuildFile; fileRef = FD3ADA292243DCB8005F6715 /* MMJSONDecoder+Unbox.swift */; };
		FD3ADA3A2243DCB8005F6715 /* MMJSONEncodingStorage.swift in Sources */ = {isa = PBXBuildFile; fileRef = FD3ADA2A2243DCB8005F6715 /* MMJSONEncodingStorage.swift */; };
		FD3ADA3B2243DCB8005F6715 /* MMJSONKeyedDecodingContainer.swift in Sources */ = {isa = PBXBuildFile; fileRef = FD3ADA2B2243DCB8005F6715 /* MMJSONKeyedDecodingContainer.swift */; };
		FD3ADA3C2243DCB8005F6715 /* MMJSONKey.swift in Sources */ = {isa = PBXBuildFile; fileRef = FD3ADA2C2243DCB8005F6715 /* MMJSONKey.swift */; };
		FD3ADA3D2243DCB8005F6715 /* MMJSONUnkeyedDecodingContainer.swift in Sources */ = {isa = PBXBuildFile; fileRef = FD3ADA2D2243DCB8005F6715 /* MMJSONUnkeyedDecodingContainer.swift */; };
		FD443EEE24DAF77C005EFAAD /* Alamofire.framework in Embed Frameworks */ = {isa = PBXBuildFile; fileRef = FD846F7F2233B9830038A715 /* Alamofire.framework */; settings = {ATTRIBUTES = (CodeSignOnCopy, RemoveHeadersOnCopy, ); }; };
		FD443EF124DAF7B4005EFAAD /* Cache.framework in Embed Frameworks */ = {isa = PBXBuildFile; fileRef = FD846FAD2233C8B30038A715 /* Cache.framework */; settings = {ATTRIBUTES = (CodeSignOnCopy, RemoveHeadersOnCopy, ); }; };
		FD443EF324DAF7B4005EFAAD /* CacheMoyaMapper.framework in Embed Frameworks */ = {isa = PBXBuildFile; fileRef = FD2138FA246849D5008B6F7E /* CacheMoyaMapper.framework */; settings = {ATTRIBUTES = (CodeSignOnCopy, RemoveHeadersOnCopy, ); }; };
		FD443EF524DAF7B4005EFAAD /* Differentiator.framework in Embed Frameworks */ = {isa = PBXBuildFile; fileRef = FD846FEC2234003C0038A715 /* Differentiator.framework */; settings = {ATTRIBUTES = (CodeSignOnCopy, RemoveHeadersOnCopy, ); }; };
		FD443EF724DAF7B4005EFAAD /* Moya.framework in Embed Frameworks */ = {isa = PBXBuildFile; fileRef = FD846F832233B9A20038A715 /* Moya.framework */; settings = {ATTRIBUTES = (CodeSignOnCopy, RemoveHeadersOnCopy, ); }; };
		FD443EF924DAF7B4005EFAAD /* MoyaMapper.framework in Embed Frameworks */ = {isa = PBXBuildFile; fileRef = FD2138F8246849D5008B6F7E /* MoyaMapper.framework */; settings = {ATTRIBUTES = (CodeSignOnCopy, RemoveHeadersOnCopy, ); }; };
		FD443EFB24DAF7B4005EFAAD /* Result.framework in Embed Frameworks */ = {isa = PBXBuildFile; fileRef = FD846FEF223400AA0038A715 /* Result.framework */; settings = {ATTRIBUTES = (CodeSignOnCopy, RemoveHeadersOnCopy, ); }; };
		FD443EFD24DAF7B4005EFAAD /* RxCacheMoyaMapper.framework in Embed Frameworks */ = {isa = PBXBuildFile; fileRef = FD2138F9246849D5008B6F7E /* RxCacheMoyaMapper.framework */; settings = {ATTRIBUTES = (CodeSignOnCopy, RemoveHeadersOnCopy, ); }; };
		FD443EFF24DAF7B4005EFAAD /* RxCocoa.framework in Embed Frameworks */ = {isa = PBXBuildFile; fileRef = FD846F852233B9B20038A715 /* RxCocoa.framework */; settings = {ATTRIBUTES = (CodeSignOnCopy, RemoveHeadersOnCopy, ); }; };
		FD443F0124DAF7B4005EFAAD /* RxDataSources.framework in Embed Frameworks */ = {isa = PBXBuildFile; fileRef = FD846F8B2233C7000038A715 /* RxDataSources.framework */; settings = {ATTRIBUTES = (CodeSignOnCopy, RemoveHeadersOnCopy, ); }; };
		FD443F0324DAF7B4005EFAAD /* RxMoya.framework in Embed Frameworks */ = {isa = PBXBuildFile; fileRef = FD846FE22233FCDE0038A715 /* RxMoya.framework */; settings = {ATTRIBUTES = (CodeSignOnCopy, RemoveHeadersOnCopy, ); }; };
		FD443F0524DAF7B4005EFAAD /* RxMoyaMapper.framework in Embed Frameworks */ = {isa = PBXBuildFile; fileRef = FD2138FB246849D5008B6F7E /* RxMoyaMapper.framework */; settings = {ATTRIBUTES = (CodeSignOnCopy, RemoveHeadersOnCopy, ); }; };
		FD443F0724DAF7B4005EFAAD /* RxRelay.framework in Embed Frameworks */ = {isa = PBXBuildFile; fileRef = FD21386E246835FC008B6F7E /* RxRelay.framework */; settings = {ATTRIBUTES = (CodeSignOnCopy, RemoveHeadersOnCopy, ); }; };
		FD443F0924DAF7B4005EFAAD /* SwiftyJSON.framework in Embed Frameworks */ = {isa = PBXBuildFile; fileRef = FD846F882233C2C10038A715 /* SwiftyJSON.framework */; settings = {ATTRIBUTES = (CodeSignOnCopy, RemoveHeadersOnCopy, ); }; };
		FD443F0B24DAF877005EFAAD /* RxSwift.framework in Frameworks */ = {isa = PBXBuildFile; fileRef = FD846F812233B9920038A715 /* RxSwift.framework */; };
		FD443F0C24DAF877005EFAAD /* RxSwift.framework in Embed Frameworks */ = {isa = PBXBuildFile; fileRef = FD846F812233B9920038A715 /* RxSwift.framework */; settings = {ATTRIBUTES = (CodeSignOnCopy, RemoveHeadersOnCopy, ); }; };
		FD846F042233A5B90038A715 /* LaunchScreen.xib in Resources */ = {isa = PBXBuildFile; fileRef = FD846EE12233A5B90038A715 /* LaunchScreen.xib */; };
		FD846F052233A5B90038A715 /* Main.storyboard in Resources */ = {isa = PBXBuildFile; fileRef = FD846EE32233A5B90038A715 /* Main.storyboard */; };
		FD846F062233A5B90038A715 /* Images.xcassets in Resources */ = {isa = PBXBuildFile; fileRef = FD846EE52233A5B90038A715 /* Images.xcassets */; };
		FD846F072233A5B90038A715 /* AppDelegate.swift in Sources */ = {isa = PBXBuildFile; fileRef = FD846EE62233A5B90038A715 /* AppDelegate.swift */; };
		FD846F082233A5B90038A715 /* RxMoyaSection.swift in Sources */ = {isa = PBXBuildFile; fileRef = FD846EE82233A5B90038A715 /* RxMoyaSection.swift */; };
		FD846F092233A5B90038A715 /* Logger.swift in Sources */ = {isa = PBXBuildFile; fileRef = FD846EEA2233A5B90038A715 /* Logger.swift */; };
		FD846F0A2233A5B90038A715 /* TypicodeApi.swift in Sources */ = {isa = PBXBuildFile; fileRef = FD846EEC2233A5B90038A715 /* TypicodeApi.swift */; };
		FD846F0B2233A5B90038A715 /* GankApi.swift in Sources */ = {isa = PBXBuildFile; fileRef = FD846EED2233A5B90038A715 /* GankApi.swift */; };
		FD846F0C2233A5B90038A715 /* Networking.swift in Sources */ = {isa = PBXBuildFile; fileRef = FD846EEE2233A5B90038A715 /* Networking.swift */; };
		FD846F0D2233A5B90038A715 /* LXFNetworkTool.swift in Sources */ = {isa = PBXBuildFile; fileRef = FD846EEF2233A5B90038A715 /* LXFNetworkTool.swift */; };
		FD846F0E2233A5B90038A715 /* Parameters.swift in Sources */ = {isa = PBXBuildFile; fileRef = FD846EF12233A5B90038A715 /* Parameters.swift */; };
		FD846F0F2233A5B90038A715 /* MoyaSugarProvider.swift in Sources */ = {isa = PBXBuildFile; fileRef = FD846EF22233A5B90038A715 /* MoyaSugarProvider.swift */; };
		FD846F102233A5B90038A715 /* SugarTargetType.swift in Sources */ = {isa = PBXBuildFile; fileRef = FD846EF32233A5B90038A715 /* SugarTargetType.swift */; };
		FD846F112233A5B90038A715 /* Route.swift in Sources */ = {isa = PBXBuildFile; fileRef = FD846EF42233A5B90038A715 /* Route.swift */; };
		FD846F122233A5B90038A715 /* UITableView+Rx.swift in Sources */ = {isa = PBXBuildFile; fileRef = FD846EF62233A5B90038A715 /* UITableView+Rx.swift */; };
		FD846F132233A5B90038A715 /* TypicodeService.swift in Sources */ = {isa = PBXBuildFile; fileRef = FD846EF82233A5B90038A715 /* TypicodeService.swift */; };
		FD846F142233A5B90038A715 /* GankService.swift in Sources */ = {isa = PBXBuildFile; fileRef = FD846EF92233A5B90038A715 /* GankService.swift */; };
		FD846F152233A5B90038A715 /* RxMoyaViewController.swift in Sources */ = {isa = PBXBuildFile; fileRef = FD846EFB2233A5B90038A715 /* RxMoyaViewController.swift */; };
		FD846F162233A5B90038A715 /* ViewController.swift in Sources */ = {isa = PBXBuildFile; fileRef = FD846EFC2233A5B90038A715 /* ViewController.swift */; };
		FD846F172233A5B90038A715 /* BaseViewController.swift in Sources */ = {isa = PBXBuildFile; fileRef = FD846EFD2233A5B90038A715 /* BaseViewController.swift */; };
		FD846F182233A5B90038A715 /* CacheViewController.swift in Sources */ = {isa = PBXBuildFile; fileRef = FD846EFE2233A5B90038A715 /* CacheViewController.swift */; };
		FD846F192233A5B90038A715 /* NormalMoyaViewController.swift in Sources */ = {isa = PBXBuildFile; fileRef = FD846EFF2233A5B90038A715 /* NormalMoyaViewController.swift */; };
		FD846F1A2233A5B90038A715 /* MultipleModelViewController.swift in Sources */ = {isa = PBXBuildFile; fileRef = FD846F002233A5B90038A715 /* MultipleModelViewController.swift */; };
		FD846F1B2233A5B90038A715 /* MultipleModel.swift in Sources */ = {isa = PBXBuildFile; fileRef = FD846F022233A5B90038A715 /* MultipleModel.swift */; };
		FD846F1C2233A5B90038A715 /* MyModel.swift in Sources */ = {isa = PBXBuildFile; fileRef = FD846F032233A5B90038A715 /* MyModel.swift */; };
		FD846F222233A5E10038A715 /* README.md in Resources */ = {isa = PBXBuildFile; fileRef = FD846F1F2233A5E10038A715 /* README.md */; };
		FD846F232233A5E10038A715 /* LICENSE in Resources */ = {isa = PBXBuildFile; fileRef = FD846F202233A5E10038A715 /* LICENSE */; };
		FD846F242233A5E10038A715 /* MoyaMapper.podspec in Resources */ = {isa = PBXBuildFile; fileRef = FD846F212233A5E10038A715 /* MoyaMapper.podspec */; };
		FD846F762233AFC40038A715 /* MoyaMapper.swift in Sources */ = {isa = PBXBuildFile; fileRef = FD846F582233AF100038A715 /* MoyaMapper.swift */; };
		FD846F772233AFC40038A715 /* Modelable.swift in Sources */ = {isa = PBXBuildFile; fileRef = FD846F592233AF100038A715 /* Modelable.swift */; };
		FD846F782233AFC40038A715 /* MapperParameter.swift in Sources */ = {isa = PBXBuildFile; fileRef = FD846F5A2233AF100038A715 /* MapperParameter.swift */; };
		FD846F792233AFC40038A715 /* MoyaMapperPlugin.swift in Sources */ = {isa = PBXBuildFile; fileRef = FD846F5B2233AF100038A715 /* MoyaMapperPlugin.swift */; };
		FD846F7A2233AFC40038A715 /* MMConvertable.swift in Sources */ = {isa = PBXBuildFile; fileRef = FD846F5C2233AF100038A715 /* MMConvertable.swift */; };
		FD846F7E2233B1A50038A715 /* MoyaMapper.h in Headers */ = {isa = PBXBuildFile; fileRef = FD846F7C2233B18E0038A715 /* MoyaMapper.h */; settings = {ATTRIBUTES = (Public, ); }; };
		FD846F872233BF5F0038A715 /* Moya.framework in Frameworks */ = {isa = PBXBuildFile; fileRef = FD846F832233B9A20038A715 /* Moya.framework */; };
		FD846F892233C2C10038A715 /* SwiftyJSON.framework in Frameworks */ = {isa = PBXBuildFile; fileRef = FD846F882233C2C10038A715 /* SwiftyJSON.framework */; };
		FD846F9C2233C7FD0038A715 /* RxMoyaMapper.h in Headers */ = {isa = PBXBuildFile; fileRef = FD846F942233C7A80038A715 /* RxMoyaMapper.h */; settings = {ATTRIBUTES = (Public, ); }; };
		FD846F9D2233C8070038A715 /* MoyaMapper+Rx.swift in Sources */ = {isa = PBXBuildFile; fileRef = FD846F682233AF100038A715 /* MoyaMapper+Rx.swift */; };
		FD846F9E2233C83C0038A715 /* MoyaMapper.framework in Frameworks */ = {isa = PBXBuildFile; fileRef = FD846F6E2233AF970038A715 /* MoyaMapper.framework */; };
		FD846FA82233C86E0038A715 /* CacheMoyaMapper.h in Headers */ = {isa = PBXBuildFile; fileRef = FD846FA62233C86E0038A715 /* CacheMoyaMapper.h */; settings = {ATTRIBUTES = (Public, ); }; };
		FD846FAC2233C89B0038A715 /* MoyaMapper.framework in Frameworks */ = {isa = PBXBuildFile; fileRef = FD846F6E2233AF970038A715 /* MoyaMapper.framework */; };
		FD846FAE2233C8B30038A715 /* Cache.framework in Frameworks */ = {isa = PBXBuildFile; fileRef = FD846FAD2233C8B30038A715 /* Cache.framework */; };
		FD846FAF2233C8C30038A715 /* MMCache.swift in Sources */ = {isa = PBXBuildFile; fileRef = FD846F5E2233AF100038A715 /* MMCache.swift */; };
		FD846FB02233C8C30038A715 /* MoyaProviderType+Cache.swift in Sources */ = {isa = PBXBuildFile; fileRef = FD846F5F2233AF100038A715 /* MoyaProviderType+Cache.swift */; };
		FD846FB12233C8C30038A715 /* MMCache+JSON.swift in Sources */ = {isa = PBXBuildFile; fileRef = FD846F602233AF100038A715 /* MMCache+JSON.swift */; };
		FD846FB22233C8C30038A715 /* MMCache+Response.swift in Sources */ = {isa = PBXBuildFile; fileRef = FD846F612233AF100038A715 /* MMCache+Response.swift */; };
		FD846FB32233C8C30038A715 /* TransformerFactory+Extensions.swift in Sources */ = {isa = PBXBuildFile; fileRef = FD846F622233AF100038A715 /* TransformerFactory+Extensions.swift */; };
		FD846FB42233C8C30038A715 /* MMCache+Modelable.swift in Sources */ = {isa = PBXBuildFile; fileRef = FD846F632233AF100038A715 /* MMCache+Modelable.swift */; };
		FD846FB52233C8C30038A715 /* TargetType+Cache.swift in Sources */ = {isa = PBXBuildFile; fileRef = FD846F642233AF100038A715 /* TargetType+Cache.swift */; };
		FD846FBF2233C8EB0038A715 /* RxCacheMoyaMapper.h in Headers */ = {isa = PBXBuildFile; fileRef = FD846FBD2233C8EB0038A715 /* RxCacheMoyaMapper.h */; settings = {ATTRIBUTES = (Public, ); }; };
		FD846FC32233C8F40038A715 /* CacheMoyaMapper.framework in Frameworks */ = {isa = PBXBuildFile; fileRef = FD846FA42233C86E0038A715 /* CacheMoyaMapper.framework */; };
		FD846FC42233C8FC0038A715 /* MoyaMapper.framework in Frameworks */ = {isa = PBXBuildFile; fileRef = FD846F6E2233AF970038A715 /* MoyaMapper.framework */; };
		FD846FC52233C8FE0038A715 /* RxMoyaMapper.framework in Frameworks */ = {isa = PBXBuildFile; fileRef = FD846F922233C7A80038A715 /* RxMoyaMapper.framework */; };
		FD846FC62233C9280038A715 /* RxMoyaProviderType+Cache.swift in Sources */ = {isa = PBXBuildFile; fileRef = FD846F662233AF100038A715 /* RxMoyaProviderType+Cache.swift */; };
		FD846FE02233CC770038A715 /* RxSwift.framework in Frameworks */ = {isa = PBXBuildFile; fileRef = FD846F812233B9920038A715 /* RxSwift.framework */; };
		FD846FE32233FCDE0038A715 /* RxMoya.framework in Frameworks */ = {isa = PBXBuildFile; fileRef = FD846FE22233FCDE0038A715 /* RxMoya.framework */; };
/* End PBXBuildFile section */

/* Begin PBXContainerItemProxy section */
		607FACE61AFB9204008FA782 /* PBXContainerItemProxy */ = {
			isa = PBXContainerItemProxy;
			containerPortal = 607FACC81AFB9204008FA782 /* Project object */;
			proxyType = 1;
			remoteGlobalIDString = 607FACCF1AFB9204008FA782;
			remoteInfo = MoyaMapper;
		};
/* End PBXContainerItemProxy section */

/* Begin PBXCopyFilesBuildPhase section */
		FD443EEF24DAF77C005EFAAD /* Embed Frameworks */ = {
			isa = PBXCopyFilesBuildPhase;
			buildActionMask = 2147483647;
			dstPath = "";
			dstSubfolderSpec = 10;
			files = (
				FD443EFF24DAF7B4005EFAAD /* RxCocoa.framework in Embed Frameworks */,
				FD443EFD24DAF7B4005EFAAD /* RxCacheMoyaMapper.framework in Embed Frameworks */,
				FD443EF324DAF7B4005EFAAD /* CacheMoyaMapper.framework in Embed Frameworks */,
				FD443F0724DAF7B4005EFAAD /* RxRelay.framework in Embed Frameworks */,
				FD443F0924DAF7B4005EFAAD /* SwiftyJSON.framework in Embed Frameworks */,
				FD443F0C24DAF877005EFAAD /* RxSwift.framework in Embed Frameworks */,
				FD443F0524DAF7B4005EFAAD /* RxMoyaMapper.framework in Embed Frameworks */,
				FD443EFB24DAF7B4005EFAAD /* Result.framework in Embed Frameworks */,
				FD443EF924DAF7B4005EFAAD /* MoyaMapper.framework in Embed Frameworks */,
				FD443F0324DAF7B4005EFAAD /* RxMoya.framework in Embed Frameworks */,
				FD443EF724DAF7B4005EFAAD /* Moya.framework in Embed Frameworks */,
				FD443EEE24DAF77C005EFAAD /* Alamofire.framework in Embed Frameworks */,
				FD443F0124DAF7B4005EFAAD /* RxDataSources.framework in Embed Frameworks */,
				FD443EF524DAF7B4005EFAAD /* Differentiator.framework in Embed Frameworks */,
				FD443EF124DAF7B4005EFAAD /* Cache.framework in Embed Frameworks */,
			);
			name = "Embed Frameworks";
			runOnlyForDeploymentPostprocessing = 0;
		};
/* End PBXCopyFilesBuildPhase section */

/* Begin PBXFileReference section */
		607FACD01AFB9204008FA782 /* MoyaMapper_Example.app */ = {isa = PBXFileReference; explicitFileType = wrapper.application; includeInIndex = 0; path = MoyaMapper_Example.app; sourceTree = BUILT_PRODUCTS_DIR; };
		607FACE51AFB9204008FA782 /* MoyaMapper_Tests.xctest */ = {isa = PBXFileReference; explicitFileType = wrapper.cfbundle; includeInIndex = 0; path = MoyaMapper_Tests.xctest; sourceTree = BUILT_PRODUCTS_DIR; };
		607FACEA1AFB9204008FA782 /* Info.plist */ = {isa = PBXFileReference; lastKnownFileType = text.plist.xml; path = Info.plist; sourceTree = "<group>"; };
		607FACEB1AFB9204008FA782 /* Tests.swift */ = {isa = PBXFileReference; lastKnownFileType = sourcecode.swift; path = Tests.swift; sourceTree = "<group>"; };
		AB687C628B4D0D0AF8E14F14 /* Pods_MoyaMapper_Example.framework */ = {isa = PBXFileReference; explicitFileType = wrapper.framework; includeInIndex = 0; path = Pods_MoyaMapper_Example.framework; sourceTree = BUILT_PRODUCTS_DIR; };
		D9857575E4842FBA04E34F8A /* Pods_MoyaMapper_Tests.framework */ = {isa = PBXFileReference; explicitFileType = wrapper.framework; includeInIndex = 0; path = Pods_MoyaMapper_Tests.framework; sourceTree = BUILT_PRODUCTS_DIR; };
		FD21386E246835FC008B6F7E /* RxRelay.framework */ = {isa = PBXFileReference; lastKnownFileType = wrapper.framework; name = RxRelay.framework; path = Carthage/Build/iOS/RxRelay.framework; sourceTree = "<group>"; };
		FD2138F8246849D5008B6F7E /* MoyaMapper.framework */ = {isa = PBXFileReference; lastKnownFileType = wrapper.framework; name = MoyaMapper.framework; path = Carthage/Build/iOS/MoyaMapper.framework; sourceTree = "<group>"; };
		FD2138F9246849D5008B6F7E /* RxCacheMoyaMapper.framework */ = {isa = PBXFileReference; lastKnownFileType = wrapper.framework; name = RxCacheMoyaMapper.framework; path = Carthage/Build/iOS/RxCacheMoyaMapper.framework; sourceTree = "<group>"; };
		FD2138FA246849D5008B6F7E /* CacheMoyaMapper.framework */ = {isa = PBXFileReference; lastKnownFileType = wrapper.framework; name = CacheMoyaMapper.framework; path = Carthage/Build/iOS/CacheMoyaMapper.framework; sourceTree = "<group>"; };
		FD2138FB246849D5008B6F7E /* RxMoyaMapper.framework */ = {isa = PBXFileReference; lastKnownFileType = wrapper.framework; name = RxMoyaMapper.framework; path = Carthage/Build/iOS/RxMoyaMapper.framework; sourceTree = "<group>"; };
		FD3ADA1E2243DCB8005F6715 /* MMJSONDecodingStorage.swift */ = {isa = PBXFileReference; fileEncoding = 4; lastKnownFileType = sourcecode.swift; path = MMJSONDecodingStorage.swift; sourceTree = "<group>"; };
		FD3ADA1F2243DCB8005F6715 /* MMJSONDecoder.swift */ = {isa = PBXFileReference; fileEncoding = 4; lastKnownFileType = sourcecode.swift; path = MMJSONDecoder.swift; sourceTree = "<group>"; };
		FD3ADA202243DCB8005F6715 /* MMJSONDecoder+DecodingError.swift */ = {isa = PBXFileReference; fileEncoding = 4; lastKnownFileType = sourcecode.swift; path = "MMJSONDecoder+DecodingError.swift"; sourceTree = "<group>"; };
		FD3ADA212243DCB8005F6715 /* MMJSONDefault.swift */ = {isa = PBXFileReference; fileEncoding = 4; lastKnownFileType = sourcecode.swift; path = MMJSONDefault.swift; sourceTree = "<group>"; };
		FD3ADA222243DCB8005F6715 /* MMJSONUnkeyedEncodingContainer.swift */ = {isa = PBXFileReference; fileEncoding = 4; lastKnownFileType = sourcecode.swift; path = MMJSONUnkeyedEncodingContainer.swift; sourceTree = "<group>"; };
		FD3ADA232243DCB8005F6715 /* MMJSONEncoder+SingleValueEncodingContainer.swift */ = {isa = PBXFileReference; fileEncoding = 4; lastKnownFileType = sourcecode.swift; path = "MMJSONEncoder+SingleValueEncodingContainer.swift"; sourceTree = "<group>"; };
		FD3ADA242243DCB8005F6715 /* MMJSONDecoder+SingleValueDecodingContainer.swift */ = {isa = PBXFileReference; fileEncoding = 4; lastKnownFileType = sourcecode.swift; path = "MMJSONDecoder+SingleValueDecodingContainer.swift"; sourceTree = "<group>"; };
		FD3ADA252243DCB8005F6715 /* MMJSONKeyedEncodingContainer.swift */ = {isa = PBXFileReference; fileEncoding = 4; lastKnownFileType = sourcecode.swift; path = MMJSONKeyedEncodingContainer.swift; sourceTree = "<group>"; };
		FD3ADA262243DCB8005F6715 /* MMJSONReferencingEncoder.swift */ = {isa = PBXFileReference; fileEncoding = 4; lastKnownFileType = sourcecode.swift; path = MMJSONReferencingEncoder.swift; sourceTree = "<group>"; };
		FD3ADA272243DCB8005F6715 /* MMJSONEncoder.swift */ = {isa = PBXFileReference; fileEncoding = 4; lastKnownFileType = sourcecode.swift; path = MMJSONEncoder.swift; sourceTree = "<group>"; };
		FD3ADA282243DCB8005F6715 /* MMJSONEncoder+Box.swift */ = {isa = PBXFileReference; fileEncoding = 4; lastKnownFileType = sourcecode.swift; path = "MMJSONEncoder+Box.swift"; sourceTree = "<group>"; };
		FD3ADA292243DCB8005F6715 /* MMJSONDecoder+Unbox.swift */ = {isa = PBXFileReference; fileEncoding = 4; lastKnownFileType = sourcecode.swift; path = "MMJSONDecoder+Unbox.swift"; sourceTree = "<group>"; };
		FD3ADA2A2243DCB8005F6715 /* MMJSONEncodingStorage.swift */ = {isa = PBXFileReference; fileEncoding = 4; lastKnownFileType = sourcecode.swift; path = MMJSONEncodingStorage.swift; sourceTree = "<group>"; };
		FD3ADA2B2243DCB8005F6715 /* MMJSONKeyedDecodingContainer.swift */ = {isa = PBXFileReference; fileEncoding = 4; lastKnownFileType = sourcecode.swift; path = MMJSONKeyedDecodingContainer.swift; sourceTree = "<group>"; };
		FD3ADA2C2243DCB8005F6715 /* MMJSONKey.swift */ = {isa = PBXFileReference; fileEncoding = 4; lastKnownFileType = sourcecode.swift; path = MMJSONKey.swift; sourceTree = "<group>"; };
		FD3ADA2D2243DCB8005F6715 /* MMJSONUnkeyedDecodingContainer.swift */ = {isa = PBXFileReference; fileEncoding = 4; lastKnownFileType = sourcecode.swift; path = MMJSONUnkeyedDecodingContainer.swift; sourceTree = "<group>"; };
		FD443ECE24DAF762005EFAAD /* Alamofire.framework */ = {isa = PBXFileReference; explicitFileType = wrapper.framework; path = Alamofire.framework; sourceTree = BUILT_PRODUCTS_DIR; };
		FD443ECF24DAF762005EFAAD /* Cache.framework */ = {isa = PBXFileReference; explicitFileType = wrapper.framework; path = Cache.framework; sourceTree = BUILT_PRODUCTS_DIR; };
		FD443ED024DAF762005EFAAD /* Differentiator.framework */ = {isa = PBXFileReference; explicitFileType = wrapper.framework; path = Differentiator.framework; sourceTree = BUILT_PRODUCTS_DIR; };
		FD443ED124DAF762005EFAAD /* Moya.framework */ = {isa = PBXFileReference; explicitFileType = wrapper.framework; path = Moya.framework; sourceTree = BUILT_PRODUCTS_DIR; };
		FD443ED224DAF762005EFAAD /* MoyaMapper.framework */ = {isa = PBXFileReference; explicitFileType = wrapper.framework; path = MoyaMapper.framework; sourceTree = BUILT_PRODUCTS_DIR; };
		FD443ED324DAF762005EFAAD /* RxCocoa.framework */ = {isa = PBXFileReference; explicitFileType = wrapper.framework; path = RxCocoa.framework; sourceTree = BUILT_PRODUCTS_DIR; };
		FD443ED424DAF762005EFAAD /* RxDataSources.framework */ = {isa = PBXFileReference; explicitFileType = wrapper.framework; path = RxDataSources.framework; sourceTree = BUILT_PRODUCTS_DIR; };
		FD443ED524DAF762005EFAAD /* RxRelay.framework */ = {isa = PBXFileReference; explicitFileType = wrapper.framework; path = RxRelay.framework; sourceTree = BUILT_PRODUCTS_DIR; };
		FD443ED624DAF762005EFAAD /* RxSwift.framework */ = {isa = PBXFileReference; explicitFileType = wrapper.framework; path = RxSwift.framework; sourceTree = BUILT_PRODUCTS_DIR; };
		FD443ED724DAF762005EFAAD /* SwiftyJSON.framework */ = {isa = PBXFileReference; explicitFileType = wrapper.framework; path = SwiftyJSON.framework; sourceTree = BUILT_PRODUCTS_DIR; };
		FD443F0A24DAF7B4005EFAAD /* RxSwift.framework.dSYM */ = {isa = PBXFileReference; lastKnownFileType = wrapper.dsym; name = RxSwift.framework.dSYM; path = Carthage/Build/iOS/RxSwift.framework.dSYM; sourceTree = "<group>"; };
		FD846EE22233A5B90038A715 /* Base */ = {isa = PBXFileReference; lastKnownFileType = file.xib; name = Base; path = Base.lproj/LaunchScreen.xib; sourceTree = "<group>"; };
		FD846EE42233A5B90038A715 /* Base */ = {isa = PBXFileReference; lastKnownFileType = file.storyboard; name = Base; path = Base.lproj/Main.storyboard; sourceTree = "<group>"; };
		FD846EE52233A5B90038A715 /* Images.xcassets */ = {isa = PBXFileReference; lastKnownFileType = folder.assetcatalog; path = Images.xcassets; sourceTree = "<group>"; };
		FD846EE62233A5B90038A715 /* AppDelegate.swift */ = {isa = PBXFileReference; fileEncoding = 4; lastKnownFileType = sourcecode.swift; path = AppDelegate.swift; sourceTree = "<group>"; };
		FD846EE82233A5B90038A715 /* RxMoyaSection.swift */ = {isa = PBXFileReference; fileEncoding = 4; lastKnownFileType = sourcecode.swift; path = RxMoyaSection.swift; sourceTree = "<group>"; };
		FD846EEA2233A5B90038A715 /* Logger.swift */ = {isa = PBXFileReference; fileEncoding = 4; lastKnownFileType = sourcecode.swift; path = Logger.swift; sourceTree = "<group>"; };
		FD846EEC2233A5B90038A715 /* TypicodeApi.swift */ = {isa = PBXFileReference; fileEncoding = 4; lastKnownFileType = sourcecode.swift; path = TypicodeApi.swift; sourceTree = "<group>"; };
		FD846EED2233A5B90038A715 /* GankApi.swift */ = {isa = PBXFileReference; fileEncoding = 4; lastKnownFileType = sourcecode.swift; path = GankApi.swift; sourceTree = "<group>"; };
		FD846EEE2233A5B90038A715 /* Networking.swift */ = {isa = PBXFileReference; fileEncoding = 4; lastKnownFileType = sourcecode.swift; path = Networking.swift; sourceTree = "<group>"; };
		FD846EEF2233A5B90038A715 /* LXFNetworkTool.swift */ = {isa = PBXFileReference; fileEncoding = 4; lastKnownFileType = sourcecode.swift; path = LXFNetworkTool.swift; sourceTree = "<group>"; };
		FD846EF12233A5B90038A715 /* Parameters.swift */ = {isa = PBXFileReference; fileEncoding = 4; lastKnownFileType = sourcecode.swift; path = Parameters.swift; sourceTree = "<group>"; };
		FD846EF22233A5B90038A715 /* MoyaSugarProvider.swift */ = {isa = PBXFileReference; fileEncoding = 4; lastKnownFileType = sourcecode.swift; path = MoyaSugarProvider.swift; sourceTree = "<group>"; };
		FD846EF32233A5B90038A715 /* SugarTargetType.swift */ = {isa = PBXFileReference; fileEncoding = 4; lastKnownFileType = sourcecode.swift; path = SugarTargetType.swift; sourceTree = "<group>"; };
		FD846EF42233A5B90038A715 /* Route.swift */ = {isa = PBXFileReference; fileEncoding = 4; lastKnownFileType = sourcecode.swift; path = Route.swift; sourceTree = "<group>"; };
		FD846EF62233A5B90038A715 /* UITableView+Rx.swift */ = {isa = PBXFileReference; fileEncoding = 4; lastKnownFileType = sourcecode.swift; path = "UITableView+Rx.swift"; sourceTree = "<group>"; };
		FD846EF82233A5B90038A715 /* TypicodeService.swift */ = {isa = PBXFileReference; fileEncoding = 4; lastKnownFileType = sourcecode.swift; path = TypicodeService.swift; sourceTree = "<group>"; };
		FD846EF92233A5B90038A715 /* GankService.swift */ = {isa = PBXFileReference; fileEncoding = 4; lastKnownFileType = sourcecode.swift; path = GankService.swift; sourceTree = "<group>"; };
		FD846EFB2233A5B90038A715 /* RxMoyaViewController.swift */ = {isa = PBXFileReference; fileEncoding = 4; lastKnownFileType = sourcecode.swift; path = RxMoyaViewController.swift; sourceTree = "<group>"; };
		FD846EFC2233A5B90038A715 /* ViewController.swift */ = {isa = PBXFileReference; fileEncoding = 4; lastKnownFileType = sourcecode.swift; path = ViewController.swift; sourceTree = "<group>"; };
		FD846EFD2233A5B90038A715 /* BaseViewController.swift */ = {isa = PBXFileReference; fileEncoding = 4; lastKnownFileType = sourcecode.swift; path = BaseViewController.swift; sourceTree = "<group>"; };
		FD846EFE2233A5B90038A715 /* CacheViewController.swift */ = {isa = PBXFileReference; fileEncoding = 4; lastKnownFileType = sourcecode.swift; path = CacheViewController.swift; sourceTree = "<group>"; };
		FD846EFF2233A5B90038A715 /* NormalMoyaViewController.swift */ = {isa = PBXFileReference; fileEncoding = 4; lastKnownFileType = sourcecode.swift; path = NormalMoyaViewController.swift; sourceTree = "<group>"; };
		FD846F002233A5B90038A715 /* MultipleModelViewController.swift */ = {isa = PBXFileReference; fileEncoding = 4; lastKnownFileType = sourcecode.swift; path = MultipleModelViewController.swift; sourceTree = "<group>"; };
		FD846F022233A5B90038A715 /* MultipleModel.swift */ = {isa = PBXFileReference; fileEncoding = 4; lastKnownFileType = sourcecode.swift; path = MultipleModel.swift; sourceTree = "<group>"; };
		FD846F032233A5B90038A715 /* MyModel.swift */ = {isa = PBXFileReference; fileEncoding = 4; lastKnownFileType = sourcecode.swift; path = MyModel.swift; sourceTree = "<group>"; };
		FD846F1D2233A5C50038A715 /* Info.plist */ = {isa = PBXFileReference; fileEncoding = 4; lastKnownFileType = text.plist.xml; name = Info.plist; path = Example/Info.plist; sourceTree = SOURCE_ROOT; };
		FD846F1F2233A5E10038A715 /* README.md */ = {isa = PBXFileReference; fileEncoding = 4; lastKnownFileType = net.daringfireball.markdown; path = README.md; sourceTree = "<group>"; };
		FD846F202233A5E10038A715 /* LICENSE */ = {isa = PBXFileReference; fileEncoding = 4; lastKnownFileType = text; path = LICENSE; sourceTree = "<group>"; };
		FD846F212233A5E10038A715 /* MoyaMapper.podspec */ = {isa = PBXFileReference; fileEncoding = 4; lastKnownFileType = text; path = MoyaMapper.podspec; sourceTree = "<group>"; xcLanguageSpecificationIdentifier = xcode.lang.ruby; };
		FD846F582233AF100038A715 /* MoyaMapper.swift */ = {isa = PBXFileReference; lastKnownFileType = sourcecode.swift; path = MoyaMapper.swift; sourceTree = "<group>"; };
		FD846F592233AF100038A715 /* Modelable.swift */ = {isa = PBXFileReference; lastKnownFileType = sourcecode.swift; path = Modelable.swift; sourceTree = "<group>"; };
		FD846F5A2233AF100038A715 /* MapperParameter.swift */ = {isa = PBXFileReference; lastKnownFileType = sourcecode.swift; path = MapperParameter.swift; sourceTree = "<group>"; };
		FD846F5B2233AF100038A715 /* MoyaMapperPlugin.swift */ = {isa = PBXFileReference; lastKnownFileType = sourcecode.swift; path = MoyaMapperPlugin.swift; sourceTree = "<group>"; };
		FD846F5C2233AF100038A715 /* MMConvertable.swift */ = {isa = PBXFileReference; lastKnownFileType = sourcecode.swift; path = MMConvertable.swift; sourceTree = "<group>"; };
		FD846F5E2233AF100038A715 /* MMCache.swift */ = {isa = PBXFileReference; lastKnownFileType = sourcecode.swift; path = MMCache.swift; sourceTree = "<group>"; };
		FD846F5F2233AF100038A715 /* MoyaProviderType+Cache.swift */ = {isa = PBXFileReference; lastKnownFileType = sourcecode.swift; path = "MoyaProviderType+Cache.swift"; sourceTree = "<group>"; };
		FD846F602233AF100038A715 /* MMCache+JSON.swift */ = {isa = PBXFileReference; lastKnownFileType = sourcecode.swift; path = "MMCache+JSON.swift"; sourceTree = "<group>"; };
		FD846F612233AF100038A715 /* MMCache+Response.swift */ = {isa = PBXFileReference; lastKnownFileType = sourcecode.swift; path = "MMCache+Response.swift"; sourceTree = "<group>"; };
		FD846F622233AF100038A715 /* TransformerFactory+Extensions.swift */ = {isa = PBXFileReference; lastKnownFileType = sourcecode.swift; path = "TransformerFactory+Extensions.swift"; sourceTree = "<group>"; };
		FD846F632233AF100038A715 /* MMCache+Modelable.swift */ = {isa = PBXFileReference; lastKnownFileType = sourcecode.swift; path = "MMCache+Modelable.swift"; sourceTree = "<group>"; };
		FD846F642233AF100038A715 /* TargetType+Cache.swift */ = {isa = PBXFileReference; lastKnownFileType = sourcecode.swift; path = "TargetType+Cache.swift"; sourceTree = "<group>"; };
		FD846F662233AF100038A715 /* RxMoyaProviderType+Cache.swift */ = {isa = PBXFileReference; lastKnownFileType = sourcecode.swift; path = "RxMoyaProviderType+Cache.swift"; sourceTree = "<group>"; };
		FD846F682233AF100038A715 /* MoyaMapper+Rx.swift */ = {isa = PBXFileReference; lastKnownFileType = sourcecode.swift; path = "MoyaMapper+Rx.swift"; sourceTree = "<group>"; };
		FD846F6E2233AF970038A715 /* MoyaMapper.framework */ = {isa = PBXFileReference; explicitFileType = wrapper.framework; includeInIndex = 0; path = MoyaMapper.framework; sourceTree = BUILT_PRODUCTS_DIR; };
		FD846F7C2233B18E0038A715 /* MoyaMapper.h */ = {isa = PBXFileReference; lastKnownFileType = sourcecode.c.h; path = MoyaMapper.h; sourceTree = "<group>"; };
		FD846F7D2233B18E0038A715 /* Info.plist */ = {isa = PBXFileReference; lastKnownFileType = text.plist.xml; path = Info.plist; sourceTree = "<group>"; };
		FD846F7F2233B9830038A715 /* Alamofire.framework */ = {isa = PBXFileReference; lastKnownFileType = wrapper.framework; name = Alamofire.framework; path = Carthage/Build/iOS/Alamofire.framework; sourceTree = "<group>"; };
		FD846F812233B9920038A715 /* RxSwift.framework */ = {isa = PBXFileReference; lastKnownFileType = wrapper.framework; name = RxSwift.framework; path = Carthage/Build/iOS/RxSwift.framework; sourceTree = "<group>"; };
		FD846F832233B9A20038A715 /* Moya.framework */ = {isa = PBXFileReference; lastKnownFileType = wrapper.framework; name = Moya.framework; path = Carthage/Build/iOS/Moya.framework; sourceTree = "<group>"; };
		FD846F852233B9B20038A715 /* RxCocoa.framework */ = {isa = PBXFileReference; lastKnownFileType = wrapper.framework; name = RxCocoa.framework; path = Carthage/Build/iOS/RxCocoa.framework; sourceTree = "<group>"; };
		FD846F882233C2C10038A715 /* SwiftyJSON.framework */ = {isa = PBXFileReference; lastKnownFileType = wrapper.framework; name = SwiftyJSON.framework; path = Carthage/Build/iOS/SwiftyJSON.framework; sourceTree = "<group>"; };
		FD846F8B2233C7000038A715 /* RxDataSources.framework */ = {isa = PBXFileReference; lastKnownFileType = wrapper.framework; name = RxDataSources.framework; path = Carthage/Build/iOS/RxDataSources.framework; sourceTree = "<group>"; };
		FD846F922233C7A80038A715 /* RxMoyaMapper.framework */ = {isa = PBXFileReference; explicitFileType = wrapper.framework; includeInIndex = 0; path = RxMoyaMapper.framework; sourceTree = BUILT_PRODUCTS_DIR; };
		FD846F942233C7A80038A715 /* RxMoyaMapper.h */ = {isa = PBXFileReference; lastKnownFileType = sourcecode.c.h; path = RxMoyaMapper.h; sourceTree = "<group>"; };
		FD846FA42233C86E0038A715 /* CacheMoyaMapper.framework */ = {isa = PBXFileReference; explicitFileType = wrapper.framework; includeInIndex = 0; path = CacheMoyaMapper.framework; sourceTree = BUILT_PRODUCTS_DIR; };
		FD846FA62233C86E0038A715 /* CacheMoyaMapper.h */ = {isa = PBXFileReference; lastKnownFileType = sourcecode.c.h; path = CacheMoyaMapper.h; sourceTree = "<group>"; };
		FD846FAD2233C8B30038A715 /* Cache.framework */ = {isa = PBXFileReference; lastKnownFileType = wrapper.framework; name = Cache.framework; path = Carthage/Build/iOS/Cache.framework; sourceTree = "<group>"; };
		FD846FBB2233C8EB0038A715 /* RxCacheMoyaMapper.framework */ = {isa = PBXFileReference; explicitFileType = wrapper.framework; includeInIndex = 0; path = RxCacheMoyaMapper.framework; sourceTree = BUILT_PRODUCTS_DIR; };
		FD846FBD2233C8EB0038A715 /* RxCacheMoyaMapper.h */ = {isa = PBXFileReference; lastKnownFileType = sourcecode.c.h; path = RxCacheMoyaMapper.h; sourceTree = "<group>"; };
		FD846FE22233FCDE0038A715 /* RxMoya.framework */ = {isa = PBXFileReference; lastKnownFileType = wrapper.framework; name = RxMoya.framework; path = Carthage/Build/iOS/RxMoya.framework; sourceTree = "<group>"; };
		FD846FEC2234003C0038A715 /* Differentiator.framework */ = {isa = PBXFileReference; lastKnownFileType = wrapper.framework; name = Differentiator.framework; path = Carthage/Build/iOS/Differentiator.framework; sourceTree = "<group>"; };
		FD846FEF223400AA0038A715 /* Result.framework */ = {isa = PBXFileReference; lastKnownFileType = wrapper.framework; name = Result.framework; path = Carthage/Build/iOS/Result.framework; sourceTree = "<group>"; };
/* End PBXFileReference section */

/* Begin PBXFrameworksBuildPhase section */
		607FACCD1AFB9204008FA782 /* Frameworks */ = {
			isa = PBXFrameworksBuildPhase;
			buildActionMask = 2147483647;
			files = (
				FD443F0B24DAF877005EFAAD /* RxSwift.framework in Frameworks */,
			);
			runOnlyForDeploymentPostprocessing = 0;
		};
		607FACE21AFB9204008FA782 /* Frameworks */ = {
			isa = PBXFrameworksBuildPhase;
			buildActionMask = 2147483647;
			files = (
				9058EF5CA68B84FF26EBD812 /* Pods_MoyaMapper_Tests.framework in Frameworks */,
			);
			runOnlyForDeploymentPostprocessing = 0;
		};
		FD846F6B2233AF970038A715 /* Frameworks */ = {
			isa = PBXFrameworksBuildPhase;
			buildActionMask = 2147483647;
			files = (
				FD846F892233C2C10038A715 /* SwiftyJSON.framework in Frameworks */,
				FD846F872233BF5F0038A715 /* Moya.framework in Frameworks */,
			);
			runOnlyForDeploymentPostprocessing = 0;
		};
		FD846F8F2233C7A80038A715 /* Frameworks */ = {
			isa = PBXFrameworksBuildPhase;
			buildActionMask = 2147483647;
			files = (
				FD846FE02233CC770038A715 /* RxSwift.framework in Frameworks */,
				FD846F9E2233C83C0038A715 /* MoyaMapper.framework in Frameworks */,
			);
			runOnlyForDeploymentPostprocessing = 0;
		};
		FD846FA12233C86E0038A715 /* Frameworks */ = {
			isa = PBXFrameworksBuildPhase;
			buildActionMask = 2147483647;
			files = (
				FD846FAE2233C8B30038A715 /* Cache.framework in Frameworks */,
				FD846FAC2233C89B0038A715 /* MoyaMapper.framework in Frameworks */,
			);
			runOnlyForDeploymentPostprocessing = 0;
		};
		FD846FB82233C8EB0038A715 /* Frameworks */ = {
			isa = PBXFrameworksBuildPhase;
			buildActionMask = 2147483647;
			files = (
				FD846FE32233FCDE0038A715 /* RxMoya.framework in Frameworks */,
				FD846FC52233C8FE0038A715 /* RxMoyaMapper.framework in Frameworks */,
				FD846FC42233C8FC0038A715 /* MoyaMapper.framework in Frameworks */,
				FD846FC32233C8F40038A715 /* CacheMoyaMapper.framework in Frameworks */,
			);
			runOnlyForDeploymentPostprocessing = 0;
		};
/* End PBXFrameworksBuildPhase section */

/* Begin PBXGroup section */
		607FACC71AFB9204008FA782 = {
			isa = PBXGroup;
			children = (
				FD846F552233AED40038A715 /* Sources */,
				607FACF51AFB993E008FA782 /* Podspec Metadata */,
				607FACD21AFB9204008FA782 /* Example for MoyaMapper */,
				607FACE81AFB9204008FA782 /* Tests */,
				607FACD11AFB9204008FA782 /* Products */,
				72B31B5C6106E14F95F197CB /* Frameworks */,
			);
			sourceTree = "<group>";
		};
		607FACD11AFB9204008FA782 /* Products */ = {
			isa = PBXGroup;
			children = (
				607FACD01AFB9204008FA782 /* MoyaMapper_Example.app */,
				607FACE51AFB9204008FA782 /* MoyaMapper_Tests.xctest */,
				FD846F6E2233AF970038A715 /* MoyaMapper.framework */,
				FD846F922233C7A80038A715 /* RxMoyaMapper.framework */,
				FD846FA42233C86E0038A715 /* CacheMoyaMapper.framework */,
				FD846FBB2233C8EB0038A715 /* RxCacheMoyaMapper.framework */,
			);
			name = Products;
			sourceTree = "<group>";
		};
		607FACD21AFB9204008FA782 /* Example for MoyaMapper */ = {
			isa = PBXGroup;
			children = (
				FD846EFA2233A5B90038A715 /* Controllers */,
				FD846F012233A5B90038A715 /* Models */,
				FD846EE02233A5B90038A715 /* Other */,
				FD846EE72233A5B90038A715 /* Sections */,
				FD846EE92233A5B90038A715 /* Utils */,
				607FACD31AFB9204008FA782 /* Supporting Files */,
			);
			name = "Example for MoyaMapper";
			path = MoyaMapper;
			sourceTree = "<group>";
		};
		607FACD31AFB9204008FA782 /* Supporting Files */ = {
			isa = PBXGroup;
			children = (
				FD846F1D2233A5C50038A715 /* Info.plist */,
			);
			name = "Supporting Files";
			sourceTree = "<group>";
		};
		607FACE81AFB9204008FA782 /* Tests */ = {
			isa = PBXGroup;
			children = (
				607FACEB1AFB9204008FA782 /* Tests.swift */,
				607FACE91AFB9204008FA782 /* Supporting Files */,
			);
			path = Tests;
			sourceTree = "<group>";
		};
		607FACE91AFB9204008FA782 /* Supporting Files */ = {
			isa = PBXGroup;
			children = (
				607FACEA1AFB9204008FA782 /* Info.plist */,
			);
			name = "Supporting Files";
			sourceTree = "<group>";
		};
		607FACF51AFB993E008FA782 /* Podspec Metadata */ = {
			isa = PBXGroup;
			children = (
				FD846F202233A5E10038A715 /* LICENSE */,
				FD846F212233A5E10038A715 /* MoyaMapper.podspec */,
				FD846F1F2233A5E10038A715 /* README.md */,
			);
			name = "Podspec Metadata";
			sourceTree = "<group>";
		};
		72B31B5C6106E14F95F197CB /* Frameworks */ = {
			isa = PBXGroup;
			children = (
				FD443F0A24DAF7B4005EFAAD /* RxSwift.framework.dSYM */,
				FD443ECE24DAF762005EFAAD /* Alamofire.framework */,
				FD443ECF24DAF762005EFAAD /* Cache.framework */,
				FD443ED024DAF762005EFAAD /* Differentiator.framework */,
				FD443ED124DAF762005EFAAD /* Moya.framework */,
				FD443ED224DAF762005EFAAD /* MoyaMapper.framework */,
				FD443ED324DAF762005EFAAD /* RxCocoa.framework */,
				FD443ED424DAF762005EFAAD /* RxDataSources.framework */,
				FD443ED524DAF762005EFAAD /* RxRelay.framework */,
				FD443ED624DAF762005EFAAD /* RxSwift.framework */,
				FD443ED724DAF762005EFAAD /* SwiftyJSON.framework */,
				FD2138FA246849D5008B6F7E /* CacheMoyaMapper.framework */,
				FD2138F8246849D5008B6F7E /* MoyaMapper.framework */,
				FD2138F9246849D5008B6F7E /* RxCacheMoyaMapper.framework */,
				FD2138FB246849D5008B6F7E /* RxMoyaMapper.framework */,
				FD21386E246835FC008B6F7E /* RxRelay.framework */,
				FD846FEF223400AA0038A715 /* Result.framework */,
				FD846FEC2234003C0038A715 /* Differentiator.framework */,
				FD846FE22233FCDE0038A715 /* RxMoya.framework */,
				FD846FAD2233C8B30038A715 /* Cache.framework */,
				FD846F8B2233C7000038A715 /* RxDataSources.framework */,
				FD846F882233C2C10038A715 /* SwiftyJSON.framework */,
				FD846F852233B9B20038A715 /* RxCocoa.framework */,
				FD846F832233B9A20038A715 /* Moya.framework */,
				FD846F812233B9920038A715 /* RxSwift.framework */,
				FD846F7F2233B9830038A715 /* Alamofire.framework */,
				AB687C628B4D0D0AF8E14F14 /* Pods_MoyaMapper_Example.framework */,
				D9857575E4842FBA04E34F8A /* Pods_MoyaMapper_Tests.framework */,
			);
			name = Frameworks;
			sourceTree = "<group>";
		};
		FD3ADA1D2243DCB8005F6715 /* MMCodable */ = {
			isa = PBXGroup;
			children = (
				FD3ADA1E2243DCB8005F6715 /* MMJSONDecodingStorage.swift */,
				FD3ADA1F2243DCB8005F6715 /* MMJSONDecoder.swift */,
				FD3ADA202243DCB8005F6715 /* MMJSONDecoder+DecodingError.swift */,
				FD3ADA212243DCB8005F6715 /* MMJSONDefault.swift */,
				FD3ADA222243DCB8005F6715 /* MMJSONUnkeyedEncodingContainer.swift */,
				FD3ADA232243DCB8005F6715 /* MMJSONEncoder+SingleValueEncodingContainer.swift */,
				FD3ADA242243DCB8005F6715 /* MMJSONDecoder+SingleValueDecodingContainer.swift */,
				FD3ADA252243DCB8005F6715 /* MMJSONKeyedEncodingContainer.swift */,
				FD3ADA262243DCB8005F6715 /* MMJSONReferencingEncoder.swift */,
				FD3ADA272243DCB8005F6715 /* MMJSONEncoder.swift */,
				FD3ADA282243DCB8005F6715 /* MMJSONEncoder+Box.swift */,
				FD3ADA292243DCB8005F6715 /* MMJSONDecoder+Unbox.swift */,
				FD3ADA2A2243DCB8005F6715 /* MMJSONEncodingStorage.swift */,
				FD3ADA2B2243DCB8005F6715 /* MMJSONKeyedDecodingContainer.swift */,
				FD3ADA2C2243DCB8005F6715 /* MMJSONKey.swift */,
				FD3ADA2D2243DCB8005F6715 /* MMJSONUnkeyedDecodingContainer.swift */,
			);
			path = MMCodable;
			sourceTree = "<group>";
		};
		FD846EE02233A5B90038A715 /* Other */ = {
			isa = PBXGroup;
			children = (
				FD846EE12233A5B90038A715 /* LaunchScreen.xib */,
				FD846EE32233A5B90038A715 /* Main.storyboard */,
				FD846EE52233A5B90038A715 /* Images.xcassets */,
				FD846EE62233A5B90038A715 /* AppDelegate.swift */,
			);
			name = Other;
			path = Example/Other;
			sourceTree = SOURCE_ROOT;
		};
		FD846EE72233A5B90038A715 /* Sections */ = {
			isa = PBXGroup;
			children = (
				FD846EE82233A5B90038A715 /* RxMoyaSection.swift */,
			);
			name = Sections;
			path = Example/Sections;
			sourceTree = SOURCE_ROOT;
		};
		FD846EE92233A5B90038A715 /* Utils */ = {
			isa = PBXGroup;
			children = (
				FD846EEA2233A5B90038A715 /* Logger.swift */,
				FD846EEB2233A5B90038A715 /* Networking */,
				FD846EF52233A5B90038A715 /* Rx */,
				FD846EF72233A5B90038A715 /* Services */,
			);
			name = Utils;
			path = Example/Utils;
			sourceTree = SOURCE_ROOT;
		};
		FD846EEB2233A5B90038A715 /* Networking */ = {
			isa = PBXGroup;
			children = (
				FD846EEC2233A5B90038A715 /* TypicodeApi.swift */,
				FD846EED2233A5B90038A715 /* GankApi.swift */,
				FD846EEE2233A5B90038A715 /* Networking.swift */,
				FD846EEF2233A5B90038A715 /* LXFNetworkTool.swift */,
				FD846EF02233A5B90038A715 /* MoyaSugar */,
			);
			path = Networking;
			sourceTree = "<group>";
		};
		FD846EF02233A5B90038A715 /* MoyaSugar */ = {
			isa = PBXGroup;
			children = (
				FD846EF12233A5B90038A715 /* Parameters.swift */,
				FD846EF22233A5B90038A715 /* MoyaSugarProvider.swift */,
				FD846EF32233A5B90038A715 /* SugarTargetType.swift */,
				FD846EF42233A5B90038A715 /* Route.swift */,
			);
			path = MoyaSugar;
			sourceTree = "<group>";
		};
		FD846EF52233A5B90038A715 /* Rx */ = {
			isa = PBXGroup;
			children = (
				FD846EF62233A5B90038A715 /* UITableView+Rx.swift */,
			);
			path = Rx;
			sourceTree = "<group>";
		};
		FD846EF72233A5B90038A715 /* Services */ = {
			isa = PBXGroup;
			children = (
				FD846EF82233A5B90038A715 /* TypicodeService.swift */,
				FD846EF92233A5B90038A715 /* GankService.swift */,
			);
			path = Services;
			sourceTree = "<group>";
		};
		FD846EFA2233A5B90038A715 /* Controllers */ = {
			isa = PBXGroup;
			children = (
				FD846EFB2233A5B90038A715 /* RxMoyaViewController.swift */,
				FD846EFC2233A5B90038A715 /* ViewController.swift */,
				FD846EFD2233A5B90038A715 /* BaseViewController.swift */,
				FD846EFE2233A5B90038A715 /* CacheViewController.swift */,
				FD846EFF2233A5B90038A715 /* NormalMoyaViewController.swift */,
				FD846F002233A5B90038A715 /* MultipleModelViewController.swift */,
			);
			name = Controllers;
			path = Example/Controllers;
			sourceTree = SOURCE_ROOT;
		};
		FD846F012233A5B90038A715 /* Models */ = {
			isa = PBXGroup;
			children = (
				FD846F022233A5B90038A715 /* MultipleModel.swift */,
				FD846F032233A5B90038A715 /* MyModel.swift */,
			);
			name = Models;
			path = Example/Models;
			sourceTree = SOURCE_ROOT;
		};
		FD846F552233AED40038A715 /* Sources */ = {
			isa = PBXGroup;
			children = (
				FD846F7B2233B18E0038A715 /* Supporting Files */,
				FD846F562233AF100038A715 /* Classes */,
			);
			name = Sources;
			sourceTree = "<group>";
		};
		FD846F562233AF100038A715 /* Classes */ = {
			isa = PBXGroup;
			children = (
				FD846F572233AF100038A715 /* Core */,
				FD846F5D2233AF100038A715 /* MMCache */,
				FD846F652233AF100038A715 /* RxCache */,
				FD846F672233AF100038A715 /* Rx */,
			);
			name = Classes;
			path = MoyaMapper/Classes;
			sourceTree = "<group>";
		};
		FD846F572233AF100038A715 /* Core */ = {
			isa = PBXGroup;
			children = (
				FD3ADA1D2243DCB8005F6715 /* MMCodable */,
				FD846F582233AF100038A715 /* MoyaMapper.swift */,
				FD846F592233AF100038A715 /* Modelable.swift */,
				FD846F5A2233AF100038A715 /* MapperParameter.swift */,
				FD846F5B2233AF100038A715 /* MoyaMapperPlugin.swift */,
				FD846F5C2233AF100038A715 /* MMConvertable.swift */,
			);
			path = Core;
			sourceTree = "<group>";
		};
		FD846F5D2233AF100038A715 /* MMCache */ = {
			isa = PBXGroup;
			children = (
				FD846F5E2233AF100038A715 /* MMCache.swift */,
				FD846F5F2233AF100038A715 /* MoyaProviderType+Cache.swift */,
				FD846F602233AF100038A715 /* MMCache+JSON.swift */,
				FD846F612233AF100038A715 /* MMCache+Response.swift */,
				FD846F622233AF100038A715 /* TransformerFactory+Extensions.swift */,
				FD846F632233AF100038A715 /* MMCache+Modelable.swift */,
				FD846F642233AF100038A715 /* TargetType+Cache.swift */,
			);
			path = MMCache;
			sourceTree = "<group>";
		};
		FD846F652233AF100038A715 /* RxCache */ = {
			isa = PBXGroup;
			children = (
				FD846F662233AF100038A715 /* RxMoyaProviderType+Cache.swift */,
			);
			path = RxCache;
			sourceTree = "<group>";
		};
		FD846F672233AF100038A715 /* Rx */ = {
			isa = PBXGroup;
			children = (
				FD846F682233AF100038A715 /* MoyaMapper+Rx.swift */,
			);
			path = Rx;
			sourceTree = "<group>";
		};
		FD846F7B2233B18E0038A715 /* Supporting Files */ = {
			isa = PBXGroup;
			children = (
				FD846F7C2233B18E0038A715 /* MoyaMapper.h */,
				FD846F942233C7A80038A715 /* RxMoyaMapper.h */,
				FD846FA62233C86E0038A715 /* CacheMoyaMapper.h */,
				FD846FBD2233C8EB0038A715 /* RxCacheMoyaMapper.h */,
				FD846F7D2233B18E0038A715 /* Info.plist */,
			);
			name = "Supporting Files";
			path = "MoyaMapper/Supporting Files";
			sourceTree = "<group>";
		};
/* End PBXGroup section */

/* Begin PBXHeadersBuildPhase section */
		FD846F692233AF970038A715 /* Headers */ = {
			isa = PBXHeadersBuildPhase;
			buildActionMask = 2147483647;
			files = (
				FD846F7E2233B1A50038A715 /* MoyaMapper.h in Headers */,
			);
			runOnlyForDeploymentPostprocessing = 0;
		};
		FD846F8D2233C7A80038A715 /* Headers */ = {
			isa = PBXHeadersBuildPhase;
			buildActionMask = 2147483647;
			files = (
				FD846F9C2233C7FD0038A715 /* RxMoyaMapper.h in Headers */,
			);
			runOnlyForDeploymentPostprocessing = 0;
		};
		FD846F9F2233C86E0038A715 /* Headers */ = {
			isa = PBXHeadersBuildPhase;
			buildActionMask = 2147483647;
			files = (
				FD846FA82233C86E0038A715 /* CacheMoyaMapper.h in Headers */,
			);
			runOnlyForDeploymentPostprocessing = 0;
		};
		FD846FB62233C8EB0038A715 /* Headers */ = {
			isa = PBXHeadersBuildPhase;
			buildActionMask = 2147483647;
			files = (
				FD846FBF2233C8EB0038A715 /* RxCacheMoyaMapper.h in Headers */,
			);
			runOnlyForDeploymentPostprocessing = 0;
		};
/* End PBXHeadersBuildPhase section */

/* Begin PBXNativeTarget section */
		607FACCF1AFB9204008FA782 /* MoyaMapper_Example */ = {
			isa = PBXNativeTarget;
			buildConfigurationList = 607FACEF1AFB9204008FA782 /* Build configuration list for PBXNativeTarget "MoyaMapper_Example" */;
			buildPhases = (
				607FACCC1AFB9204008FA782 /* Sources */,
				607FACCD1AFB9204008FA782 /* Frameworks */,
				607FACCE1AFB9204008FA782 /* Resources */,
				FD443EEF24DAF77C005EFAAD /* Embed Frameworks */,
			);
			buildRules = (
			);
			dependencies = (
			);
			name = MoyaMapper_Example;
			productName = MoyaMapper;
			productReference = 607FACD01AFB9204008FA782 /* MoyaMapper_Example.app */;
			productType = "com.apple.product-type.application";
		};
		607FACE41AFB9204008FA782 /* MoyaMapper_Tests */ = {
			isa = PBXNativeTarget;
			buildConfigurationList = 607FACF21AFB9204008FA782 /* Build configuration list for PBXNativeTarget "MoyaMapper_Tests" */;
			buildPhases = (
				BB3F72BED135F70CC0B8D290 /* [CP] Check Pods Manifest.lock */,
				607FACE11AFB9204008FA782 /* Sources */,
				607FACE21AFB9204008FA782 /* Frameworks */,
				607FACE31AFB9204008FA782 /* Resources */,
			);
			buildRules = (
			);
			dependencies = (
				607FACE71AFB9204008FA782 /* PBXTargetDependency */,
			);
			name = MoyaMapper_Tests;
			productName = Tests;
			productReference = 607FACE51AFB9204008FA782 /* MoyaMapper_Tests.xctest */;
			productType = "com.apple.product-type.bundle.unit-test";
		};
		FD846F6D2233AF970038A715 /* MoyaMapper */ = {
			isa = PBXNativeTarget;
			buildConfigurationList = FD846F732233AF970038A715 /* Build configuration list for PBXNativeTarget "MoyaMapper" */;
			buildPhases = (
				FD846F692233AF970038A715 /* Headers */,
				FD846F6A2233AF970038A715 /* Sources */,
				FD846F6B2233AF970038A715 /* Frameworks */,
				FD846F6C2233AF970038A715 /* Resources */,
			);
			buildRules = (
			);
			dependencies = (
			);
			name = MoyaMapper;
			productName = MoyaMapper;
			productReference = FD846F6E2233AF970038A715 /* MoyaMapper.framework */;
			productType = "com.apple.product-type.framework";
		};
		FD846F912233C7A80038A715 /* RxMoyaMapper */ = {
			isa = PBXNativeTarget;
			buildConfigurationList = FD846F972233C7A80038A715 /* Build configuration list for PBXNativeTarget "RxMoyaMapper" */;
			buildPhases = (
				FD846F8D2233C7A80038A715 /* Headers */,
				FD846F8E2233C7A80038A715 /* Sources */,
				FD846F8F2233C7A80038A715 /* Frameworks */,
				FD846F902233C7A80038A715 /* Resources */,
			);
			buildRules = (
			);
			dependencies = (
			);
			name = RxMoyaMapper;
			productName = RxMoyaMapper;
			productReference = FD846F922233C7A80038A715 /* RxMoyaMapper.framework */;
			productType = "com.apple.product-type.framework";
		};
		FD846FA32233C86E0038A715 /* CacheMoyaMapper */ = {
			isa = PBXNativeTarget;
			buildConfigurationList = FD846FA92233C86E0038A715 /* Build configuration list for PBXNativeTarget "CacheMoyaMapper" */;
			buildPhases = (
				FD846F9F2233C86E0038A715 /* Headers */,
				FD846FA02233C86E0038A715 /* Sources */,
				FD846FA12233C86E0038A715 /* Frameworks */,
				FD846FA22233C86E0038A715 /* Resources */,
			);
			buildRules = (
			);
			dependencies = (
			);
			name = CacheMoyaMapper;
			productName = CacheMoyaMapper;
			productReference = FD846FA42233C86E0038A715 /* CacheMoyaMapper.framework */;
			productType = "com.apple.product-type.framework";
		};
		FD846FBA2233C8EB0038A715 /* RxCacheMoyaMapper */ = {
			isa = PBXNativeTarget;
			buildConfigurationList = FD846FC02233C8EB0038A715 /* Build configuration list for PBXNativeTarget "RxCacheMoyaMapper" */;
			buildPhases = (
				FD846FB62233C8EB0038A715 /* Headers */,
				FD846FB72233C8EB0038A715 /* Sources */,
				FD846FB82233C8EB0038A715 /* Frameworks */,
				FD846FB92233C8EB0038A715 /* Resources */,
			);
			buildRules = (
			);
			dependencies = (
			);
			name = RxCacheMoyaMapper;
			productName = RxCacheMoyaMapper;
			productReference = FD846FBB2233C8EB0038A715 /* RxCacheMoyaMapper.framework */;
			productType = "com.apple.product-type.framework";
		};
/* End PBXNativeTarget section */

/* Begin PBXProject section */
		607FACC81AFB9204008FA782 /* Project object */ = {
			isa = PBXProject;
			attributes = {
				LastSwiftUpdateCheck = 0830;
				LastUpgradeCheck = 1150;
				ORGANIZATIONNAME = CocoaPods;
				TargetAttributes = {
					607FACCF1AFB9204008FA782 = {
						CreatedOnToolsVersion = 6.3.1;
						LastSwiftMigration = 0900;
						ProvisioningStyle = Automatic;
					};
					607FACE41AFB9204008FA782 = {
						CreatedOnToolsVersion = 6.3.1;
						DevelopmentTeam = 94TA46J9NJ;
						LastSwiftMigration = 0900;
						ProvisioningStyle = Automatic;
						TestTargetID = 607FACCF1AFB9204008FA782;
					};
					FD846F6D2233AF970038A715 = {
						CreatedOnToolsVersion = 10.1;
						ProvisioningStyle = Manual;
					};
					FD846F912233C7A80038A715 = {
						CreatedOnToolsVersion = 10.1;
						ProvisioningStyle = Manual;
					};
					FD846FA32233C86E0038A715 = {
						CreatedOnToolsVersion = 10.1;
						ProvisioningStyle = Manual;
					};
					FD846FBA2233C8EB0038A715 = {
						CreatedOnToolsVersion = 10.1;
						ProvisioningStyle = Manual;
					};
				};
			};
			buildConfigurationList = 607FACCB1AFB9204008FA782 /* Build configuration list for PBXProject "MoyaMapper" */;
			compatibilityVersion = "Xcode 3.2";
			developmentRegion = English;
			hasScannedForEncodings = 0;
			knownRegions = (
				English,
				en,
				Base,
			);
			mainGroup = 607FACC71AFB9204008FA782;
			productRefGroup = 607FACD11AFB9204008FA782 /* Products */;
			projectDirPath = "";
			projectRoot = "";
			targets = (
				607FACCF1AFB9204008FA782 /* MoyaMapper_Example */,
				607FACE41AFB9204008FA782 /* MoyaMapper_Tests */,
				FD846F6D2233AF970038A715 /* MoyaMapper */,
				FD846F912233C7A80038A715 /* RxMoyaMapper */,
				FD846FA32233C86E0038A715 /* CacheMoyaMapper */,
				FD846FBA2233C8EB0038A715 /* RxCacheMoyaMapper */,
			);
		};
/* End PBXProject section */

/* Begin PBXResourcesBuildPhase section */
		607FACCE1AFB9204008FA782 /* Resources */ = {
			isa = PBXResourcesBuildPhase;
			buildActionMask = 2147483647;
			files = (
				FD846F062233A5B90038A715 /* Images.xcassets in Resources */,
				FD846F042233A5B90038A715 /* LaunchScreen.xib in Resources */,
				FD846F222233A5E10038A715 /* README.md in Resources */,
				FD846F052233A5B90038A715 /* Main.storyboard in Resources */,
				FD846F232233A5E10038A715 /* LICENSE in Resources */,
				FD846F242233A5E10038A715 /* MoyaMapper.podspec in Resources */,
			);
			runOnlyForDeploymentPostprocessing = 0;
		};
		607FACE31AFB9204008FA782 /* Resources */ = {
			isa = PBXResourcesBuildPhase;
			buildActionMask = 2147483647;
			files = (
			);
			runOnlyForDeploymentPostprocessing = 0;
		};
		FD846F6C2233AF970038A715 /* Resources */ = {
			isa = PBXResourcesBuildPhase;
			buildActionMask = 2147483647;
			files = (
			);
			runOnlyForDeploymentPostprocessing = 0;
		};
		FD846F902233C7A80038A715 /* Resources */ = {
			isa = PBXResourcesBuildPhase;
			buildActionMask = 2147483647;
			files = (
			);
			runOnlyForDeploymentPostprocessing = 0;
		};
		FD846FA22233C86E0038A715 /* Resources */ = {
			isa = PBXResourcesBuildPhase;
			buildActionMask = 2147483647;
			files = (
			);
			runOnlyForDeploymentPostprocessing = 0;
		};
		FD846FB92233C8EB0038A715 /* Resources */ = {
			isa = PBXResourcesBuildPhase;
			buildActionMask = 2147483647;
			files = (
			);
			runOnlyForDeploymentPostprocessing = 0;
		};
/* End PBXResourcesBuildPhase section */

/* Begin PBXShellScriptBuildPhase section */
		BB3F72BED135F70CC0B8D290 /* [CP] Check Pods Manifest.lock */ = {
			isa = PBXShellScriptBuildPhase;
			buildActionMask = 2147483647;
			files = (
			);
			inputFileListPaths = (
			);
			inputPaths = (
				"${PODS_PODFILE_DIR_PATH}/Podfile.lock",
				"${PODS_ROOT}/Manifest.lock",
			);
			name = "[CP] Check Pods Manifest.lock";
			outputFileListPaths = (
			);
			outputPaths = (
				"$(DERIVED_FILE_DIR)/Pods-MoyaMapper_Tests-checkManifestLockResult.txt",
			);
			runOnlyForDeploymentPostprocessing = 0;
			shellPath = /bin/sh;
			shellScript = "diff \"${PODS_PODFILE_DIR_PATH}/Podfile.lock\" \"${PODS_ROOT}/Manifest.lock\" > /dev/null\nif [ $? != 0 ] ; then\n    # print error to STDERR\n    echo \"error: The sandbox is not in sync with the Podfile.lock. Run 'pod install' or update your CocoaPods installation.\" >&2\n    exit 1\nfi\n# This output is used by Xcode 'outputs' to avoid re-running this script phase.\necho \"SUCCESS\" > \"${SCRIPT_OUTPUT_FILE_0}\"\n";
			showEnvVarsInLog = 0;
		};
/* End PBXShellScriptBuildPhase section */

/* Begin PBXSourcesBuildPhase section */
		607FACCC1AFB9204008FA782 /* Sources */ = {
			isa = PBXSourcesBuildPhase;
			buildActionMask = 2147483647;
			files = (
				FD846F132233A5B90038A715 /* TypicodeService.swift in Sources */,
				FD846F072233A5B90038A715 /* AppDelegate.swift in Sources */,
				FD846F092233A5B90038A715 /* Logger.swift in Sources */,
				FD846F112233A5B90038A715 /* Route.swift in Sources */,
				FD846F1A2233A5B90038A715 /* MultipleModelViewController.swift in Sources */,
				FD846F082233A5B90038A715 /* RxMoyaSection.swift in Sources */,
				FD846F1B2233A5B90038A715 /* MultipleModel.swift in Sources */,
				FD846F192233A5B90038A715 /* NormalMoyaViewController.swift in Sources */,
				FD846F102233A5B90038A715 /* SugarTargetType.swift in Sources */,
				FD846F152233A5B90038A715 /* RxMoyaViewController.swift in Sources */,
				FD846F172233A5B90038A715 /* BaseViewController.swift in Sources */,
				FD846F142233A5B90038A715 /* GankService.swift in Sources */,
				FD846F0C2233A5B90038A715 /* Networking.swift in Sources */,
				FD846F0D2233A5B90038A715 /* LXFNetworkTool.swift in Sources */,
				FD846F0A2233A5B90038A715 /* TypicodeApi.swift in Sources */,
				FD846F0B2233A5B90038A715 /* GankApi.swift in Sources */,
				FD846F182233A5B90038A715 /* CacheViewController.swift in Sources */,
				FD846F122233A5B90038A715 /* UITableView+Rx.swift in Sources */,
				FD846F0E2233A5B90038A715 /* Parameters.swift in Sources */,
				FD846F1C2233A5B90038A715 /* MyModel.swift in Sources */,
				FD846F162233A5B90038A715 /* ViewController.swift in Sources */,
				FD846F0F2233A5B90038A715 /* MoyaSugarProvider.swift in Sources */,
			);
			runOnlyForDeploymentPostprocessing = 0;
		};
		607FACE11AFB9204008FA782 /* Sources */ = {
			isa = PBXSourcesBuildPhase;
			buildActionMask = 2147483647;
			files = (
				607FACEC1AFB9204008FA782 /* Tests.swift in Sources */,
			);
			runOnlyForDeploymentPostprocessing = 0;
		};
		FD846F6A2233AF970038A715 /* Sources */ = {
			isa = PBXSourcesBuildPhase;
			buildActionMask = 2147483647;
			files = (
				FD3ADA302243DCB8005F6715 /* MMJSONDecoder+DecodingError.swift in Sources */,
				FD3ADA362243DCB8005F6715 /* MMJSONReferencingEncoder.swift in Sources */,
				FD3ADA3B2243DCB8005F6715 /* MMJSONKeyedDecodingContainer.swift in Sources */,
				FD3ADA372243DCB8005F6715 /* MMJSONEncoder.swift in Sources */,
				FD3ADA3D2243DCB8005F6715 /* MMJSONUnkeyedDecodingContainer.swift in Sources */,
				FD3ADA332243DCB8005F6715 /* MMJSONEncoder+SingleValueEncodingContainer.swift in Sources */,
				FD846F762233AFC40038A715 /* MoyaMapper.swift in Sources */,
				FD3ADA322243DCB8005F6715 /* MMJSONUnkeyedEncodingContainer.swift in Sources */,
				FD3ADA352243DCB8005F6715 /* MMJSONKeyedEncodingContainer.swift in Sources */,
				FD846F772233AFC40038A715 /* Modelable.swift in Sources */,
				FD846F782233AFC40038A715 /* MapperParameter.swift in Sources */,
				FD846F792233AFC40038A715 /* MoyaMapperPlugin.swift in Sources */,
				FD3ADA3C2243DCB8005F6715 /* MMJSONKey.swift in Sources */,
				FD3ADA382243DCB8005F6715 /* MMJSONEncoder+Box.swift in Sources */,
				FD3ADA2E2243DCB8005F6715 /* MMJSONDecodingStorage.swift in Sources */,
				FD3ADA3A2243DCB8005F6715 /* MMJSONEncodingStorage.swift in Sources */,
				FD3ADA312243DCB8005F6715 /* MMJSONDefault.swift in Sources */,
				FD3ADA2F2243DCB8005F6715 /* MMJSONDecoder.swift in Sources */,
				FD846F7A2233AFC40038A715 /* MMConvertable.swift in Sources */,
				FD3ADA392243DCB8005F6715 /* MMJSONDecoder+Unbox.swift in Sources */,
				FD3ADA342243DCB8005F6715 /* MMJSONDecoder+SingleValueDecodingContainer.swift in Sources */,
			);
			runOnlyForDeploymentPostprocessing = 0;
		};
		FD846F8E2233C7A80038A715 /* Sources */ = {
			isa = PBXSourcesBuildPhase;
			buildActionMask = 2147483647;
			files = (
				FD846F9D2233C8070038A715 /* MoyaMapper+Rx.swift in Sources */,
			);
			runOnlyForDeploymentPostprocessing = 0;
		};
		FD846FA02233C86E0038A715 /* Sources */ = {
			isa = PBXSourcesBuildPhase;
			buildActionMask = 2147483647;
			files = (
				FD846FAF2233C8C30038A715 /* MMCache.swift in Sources */,
				FD846FB02233C8C30038A715 /* MoyaProviderType+Cache.swift in Sources */,
				FD846FB12233C8C30038A715 /* MMCache+JSON.swift in Sources */,
				FD846FB22233C8C30038A715 /* MMCache+Response.swift in Sources */,
				FD846FB32233C8C30038A715 /* TransformerFactory+Extensions.swift in Sources */,
				FD846FB42233C8C30038A715 /* MMCache+Modelable.swift in Sources */,
				FD846FB52233C8C30038A715 /* TargetType+Cache.swift in Sources */,
			);
			runOnlyForDeploymentPostprocessing = 0;
		};
		FD846FB72233C8EB0038A715 /* Sources */ = {
			isa = PBXSourcesBuildPhase;
			buildActionMask = 2147483647;
			files = (
				FD846FC62233C9280038A715 /* RxMoyaProviderType+Cache.swift in Sources */,
			);
			runOnlyForDeploymentPostprocessing = 0;
		};
/* End PBXSourcesBuildPhase section */

/* Begin PBXTargetDependency section */
		607FACE71AFB9204008FA782 /* PBXTargetDependency */ = {
			isa = PBXTargetDependency;
			target = 607FACCF1AFB9204008FA782 /* MoyaMapper_Example */;
			targetProxy = 607FACE61AFB9204008FA782 /* PBXContainerItemProxy */;
		};
/* End PBXTargetDependency section */

/* Begin PBXVariantGroup section */
		FD846EE12233A5B90038A715 /* LaunchScreen.xib */ = {
			isa = PBXVariantGroup;
			children = (
				FD846EE22233A5B90038A715 /* Base */,
			);
			name = LaunchScreen.xib;
			sourceTree = "<group>";
		};
		FD846EE32233A5B90038A715 /* Main.storyboard */ = {
			isa = PBXVariantGroup;
			children = (
				FD846EE42233A5B90038A715 /* Base */,
			);
			name = Main.storyboard;
			sourceTree = "<group>";
		};
/* End PBXVariantGroup section */

/* Begin XCBuildConfiguration section */
		607FACED1AFB9204008FA782 /* Debug */ = {
			isa = XCBuildConfiguration;
			buildSettings = {
				ALWAYS_SEARCH_USER_PATHS = NO;
				CLANG_ANALYZER_LOCALIZABILITY_NONLOCALIZED = YES;
				CLANG_CXX_LANGUAGE_STANDARD = "gnu++0x";
				CLANG_CXX_LIBRARY = "libc++";
				CLANG_ENABLE_MODULES = YES;
				CLANG_ENABLE_OBJC_ARC = YES;
				CLANG_WARN_BLOCK_CAPTURE_AUTORELEASING = YES;
				CLANG_WARN_BOOL_CONVERSION = YES;
				CLANG_WARN_COMMA = YES;
				CLANG_WARN_CONSTANT_CONVERSION = YES;
				CLANG_WARN_DEPRECATED_OBJC_IMPLEMENTATIONS = YES;
				CLANG_WARN_DIRECT_OBJC_ISA_USAGE = YES_ERROR;
				CLANG_WARN_EMPTY_BODY = YES;
				CLANG_WARN_ENUM_CONVERSION = YES;
				CLANG_WARN_INFINITE_RECURSION = YES;
				CLANG_WARN_INT_CONVERSION = YES;
				CLANG_WARN_NON_LITERAL_NULL_CONVERSION = YES;
				CLANG_WARN_OBJC_IMPLICIT_RETAIN_SELF = YES;
				CLANG_WARN_OBJC_LITERAL_CONVERSION = YES;
				CLANG_WARN_OBJC_ROOT_CLASS = YES_ERROR;
				CLANG_WARN_RANGE_LOOP_ANALYSIS = YES;
				CLANG_WARN_STRICT_PROTOTYPES = YES;
				CLANG_WARN_SUSPICIOUS_MOVE = YES;
				CLANG_WARN_UNREACHABLE_CODE = YES;
				CLANG_WARN__DUPLICATE_METHOD_MATCH = YES;
				"CODE_SIGN_IDENTITY[sdk=iphoneos*]" = "iPhone Developer";
				COPY_PHASE_STRIP = NO;
				DEBUG_INFORMATION_FORMAT = "dwarf-with-dsym";
				ENABLE_STRICT_OBJC_MSGSEND = YES;
				ENABLE_TESTABILITY = YES;
				GCC_C_LANGUAGE_STANDARD = gnu99;
				GCC_DYNAMIC_NO_PIC = NO;
				GCC_NO_COMMON_BLOCKS = YES;
				GCC_OPTIMIZATION_LEVEL = 0;
				GCC_PREPROCESSOR_DEFINITIONS = (
					"DEBUG=1",
					"$(inherited)",
				);
				GCC_SYMBOLS_PRIVATE_EXTERN = NO;
				GCC_WARN_64_TO_32_BIT_CONVERSION = YES;
				GCC_WARN_ABOUT_RETURN_TYPE = YES_ERROR;
				GCC_WARN_UNDECLARED_SELECTOR = YES;
				GCC_WARN_UNINITIALIZED_AUTOS = YES_AGGRESSIVE;
				GCC_WARN_UNUSED_FUNCTION = YES;
				GCC_WARN_UNUSED_VARIABLE = YES;
				IPHONEOS_DEPLOYMENT_TARGET = 10.0;
				MTL_ENABLE_DEBUG_INFO = YES;
				ONLY_ACTIVE_ARCH = YES;
				SDKROOT = iphoneos;
				SWIFT_OPTIMIZATION_LEVEL = "-Onone";
			};
			name = Debug;
		};
		607FACEE1AFB9204008FA782 /* Release */ = {
			isa = XCBuildConfiguration;
			buildSettings = {
				ALWAYS_SEARCH_USER_PATHS = NO;
				CLANG_ANALYZER_LOCALIZABILITY_NONLOCALIZED = YES;
				CLANG_CXX_LANGUAGE_STANDARD = "gnu++0x";
				CLANG_CXX_LIBRARY = "libc++";
				CLANG_ENABLE_MODULES = YES;
				CLANG_ENABLE_OBJC_ARC = YES;
				CLANG_WARN_BLOCK_CAPTURE_AUTORELEASING = YES;
				CLANG_WARN_BOOL_CONVERSION = YES;
				CLANG_WARN_COMMA = YES;
				CLANG_WARN_CONSTANT_CONVERSION = YES;
				CLANG_WARN_DEPRECATED_OBJC_IMPLEMENTATIONS = YES;
				CLANG_WARN_DIRECT_OBJC_ISA_USAGE = YES_ERROR;
				CLANG_WARN_EMPTY_BODY = YES;
				CLANG_WARN_ENUM_CONVERSION = YES;
				CLANG_WARN_INFINITE_RECURSION = YES;
				CLANG_WARN_INT_CONVERSION = YES;
				CLANG_WARN_NON_LITERAL_NULL_CONVERSION = YES;
				CLANG_WARN_OBJC_IMPLICIT_RETAIN_SELF = YES;
				CLANG_WARN_OBJC_LITERAL_CONVERSION = YES;
				CLANG_WARN_OBJC_ROOT_CLASS = YES_ERROR;
				CLANG_WARN_RANGE_LOOP_ANALYSIS = YES;
				CLANG_WARN_STRICT_PROTOTYPES = YES;
				CLANG_WARN_SUSPICIOUS_MOVE = YES;
				CLANG_WARN_UNREACHABLE_CODE = YES;
				CLANG_WARN__DUPLICATE_METHOD_MATCH = YES;
				"CODE_SIGN_IDENTITY[sdk=iphoneos*]" = "iPhone Developer";
				COPY_PHASE_STRIP = NO;
				DEBUG_INFORMATION_FORMAT = "dwarf-with-dsym";
				ENABLE_NS_ASSERTIONS = NO;
				ENABLE_STRICT_OBJC_MSGSEND = YES;
				GCC_C_LANGUAGE_STANDARD = gnu99;
				GCC_NO_COMMON_BLOCKS = YES;
				GCC_WARN_64_TO_32_BIT_CONVERSION = YES;
				GCC_WARN_ABOUT_RETURN_TYPE = YES_ERROR;
				GCC_WARN_UNDECLARED_SELECTOR = YES;
				GCC_WARN_UNINITIALIZED_AUTOS = YES_AGGRESSIVE;
				GCC_WARN_UNUSED_FUNCTION = YES;
				GCC_WARN_UNUSED_VARIABLE = YES;
				IPHONEOS_DEPLOYMENT_TARGET = 10.0;
				MTL_ENABLE_DEBUG_INFO = NO;
				SDKROOT = iphoneos;
				SWIFT_OPTIMIZATION_LEVEL = "-Owholemodule";
				VALIDATE_PRODUCT = YES;
			};
			name = Release;
		};
		607FACF01AFB9204008FA782 /* Debug */ = {
			isa = XCBuildConfiguration;
			buildSettings = {
				ASSETCATALOG_COMPILER_APPICON_NAME = AppIcon;
				CODE_SIGN_IDENTITY = "iPhone Developer";
				CODE_SIGN_STYLE = Automatic;
				DEVELOPMENT_TEAM = "";
				FRAMEWORK_SEARCH_PATHS = (
					"$(inherited)",
					"$(PROJECT_DIR)/Carthage/Build/iOS",
				);
				GCC_PREPROCESSOR_DEFINITIONS = "$(inherited)";
				INFOPLIST_FILE = Example/Info.plist;
				LD_RUNPATH_SEARCH_PATHS = "$(inherited) @executable_path/Frameworks";
				MODULE_NAME = ExampleApp;
				OTHER_SWIFT_FLAGS = "$(inherited) -D DEBUG";
				PRODUCT_BUNDLE_IDENTIFIER = "com.lxf.MoyaMapper-Example";
				PRODUCT_NAME = "$(TARGET_NAME)";
				PROVISIONING_PROFILE = "";
				PROVISIONING_PROFILE_SPECIFIER = "";
				SWIFT_SWIFT3_OBJC_INFERENCE = Default;
				SWIFT_VERSION = 5.0;
				VALID_ARCHS = "arm64 armv7 armv7s";
			};
			name = Debug;
		};
		607FACF11AFB9204008FA782 /* Release */ = {
			isa = XCBuildConfiguration;
			buildSettings = {
				ASSETCATALOG_COMPILER_APPICON_NAME = AppIcon;
				CODE_SIGN_IDENTITY = "iPhone Developer";
				CODE_SIGN_STYLE = Automatic;
				DEVELOPMENT_TEAM = "";
				FRAMEWORK_SEARCH_PATHS = (
					"$(inherited)",
					"$(PROJECT_DIR)/Carthage/Build/iOS",
				);
				GCC_PREPROCESSOR_DEFINITIONS = "$(inherited)";
				INFOPLIST_FILE = Example/Info.plist;
				LD_RUNPATH_SEARCH_PATHS = "$(inherited) @executable_path/Frameworks";
				MODULE_NAME = ExampleApp;
				OTHER_SWIFT_FLAGS = "$(inherited)";
				PRODUCT_BUNDLE_IDENTIFIER = "com.lxf.MoyaMapper-Example";
				PRODUCT_NAME = "$(TARGET_NAME)";
				PROVISIONING_PROFILE_SPECIFIER = "";
				SWIFT_SWIFT3_OBJC_INFERENCE = Default;
				SWIFT_VERSION = 5.0;
				VALID_ARCHS = "arm64 armv7 armv7s";
			};
			name = Release;
		};
		607FACF31AFB9204008FA782 /* Debug */ = {
			isa = XCBuildConfiguration;
			buildSettings = {
				ALWAYS_EMBED_SWIFT_STANDARD_LIBRARIES = YES;
				CODE_SIGN_IDENTITY = "iPhone Developer";
				CODE_SIGN_STYLE = Automatic;
				DEVELOPMENT_TEAM = 94TA46J9NJ;
				FRAMEWORK_SEARCH_PATHS = (
					"$(SDKROOT)/Developer/Library/Frameworks",
					"$(inherited)",
				);
				GCC_PREPROCESSOR_DEFINITIONS = (
					"DEBUG=1",
					"$(inherited)",
				);
				INFOPLIST_FILE = Tests/Info.plist;
				LD_RUNPATH_SEARCH_PATHS = "$(inherited) @executable_path/Frameworks @loader_path/Frameworks";
				PRODUCT_BUNDLE_IDENTIFIER = "org.cocoapods.$(PRODUCT_NAME:rfc1034identifier)";
				PRODUCT_NAME = "$(TARGET_NAME)";
				PROVISIONING_PROFILE_SPECIFIER = "";
				SWIFT_SWIFT3_OBJC_INFERENCE = Default;
				SWIFT_VERSION = 4.0;
			};
			name = Debug;
		};
		607FACF41AFB9204008FA782 /* Release */ = {
			isa = XCBuildConfiguration;
			buildSettings = {
				ALWAYS_EMBED_SWIFT_STANDARD_LIBRARIES = YES;
				CODE_SIGN_IDENTITY = "iPhone Developer";
				CODE_SIGN_STYLE = Automatic;
				DEVELOPMENT_TEAM = 94TA46J9NJ;
				FRAMEWORK_SEARCH_PATHS = (
					"$(SDKROOT)/Developer/Library/Frameworks",
					"$(inherited)",
				);
				INFOPLIST_FILE = Tests/Info.plist;
				LD_RUNPATH_SEARCH_PATHS = "$(inherited) @executable_path/Frameworks @loader_path/Frameworks";
				PRODUCT_BUNDLE_IDENTIFIER = "org.cocoapods.$(PRODUCT_NAME:rfc1034identifier)";
				PRODUCT_NAME = "$(TARGET_NAME)";
				PROVISIONING_PROFILE_SPECIFIER = "";
				SWIFT_SWIFT3_OBJC_INFERENCE = Default;
				SWIFT_VERSION = 4.0;
			};
			name = Release;
		};
		FD846F742233AF970038A715 /* Debug */ = {
			isa = XCBuildConfiguration;
			buildSettings = {
				CLANG_ANALYZER_NONNULL = YES;
				CLANG_ANALYZER_NUMBER_OBJECT_CONVERSION = YES_AGGRESSIVE;
				CLANG_CXX_LANGUAGE_STANDARD = "gnu++14";
				CLANG_ENABLE_OBJC_WEAK = YES;
				CLANG_WARN_DEPRECATED_OBJC_IMPLEMENTATIONS = YES;
				CLANG_WARN_DOCUMENTATION_COMMENTS = YES;
				CLANG_WARN_OBJC_IMPLICIT_RETAIN_SELF = YES;
				CLANG_WARN_UNGUARDED_AVAILABILITY = YES_AGGRESSIVE;
				CODE_SIGN_IDENTITY = "";
				CODE_SIGN_STYLE = Manual;
				CURRENT_PROJECT_VERSION = 1;
				DEBUG_INFORMATION_FORMAT = dwarf;
				DEFINES_MODULE = YES;
				DEVELOPMENT_TEAM = "";
				DYLIB_COMPATIBILITY_VERSION = 1;
				DYLIB_CURRENT_VERSION = 1;
				DYLIB_INSTALL_NAME_BASE = "@rpath";
				FRAMEWORK_SEARCH_PATHS = (
					"$(inherited)",
					"$(PROJECT_DIR)/Carthage/Build/iOS",
				);
				GCC_C_LANGUAGE_STANDARD = gnu11;
				INFOPLIST_FILE = "$(SRCROOT)/MoyaMapper/Supporting Files/Info.plist";
				INSTALL_PATH = "$(LOCAL_LIBRARY_DIR)/Frameworks";
				IPHONEOS_DEPLOYMENT_TARGET = 10.0;
				LD_RUNPATH_SEARCH_PATHS = "$(inherited) @executable_path/Frameworks @loader_path/Frameworks";
				MTL_ENABLE_DEBUG_INFO = INCLUDE_SOURCE;
				MTL_FAST_MATH = YES;
				OTHER_CFLAGS = "-fembed-bitcode";
				PRODUCT_BUNDLE_IDENTIFIER = com.lxf.MoyaMapper;
				PRODUCT_NAME = "$(TARGET_NAME:c99extidentifier)";
				PROVISIONING_PROFILE_SPECIFIER = "";
				SKIP_INSTALL = YES;
				SWIFT_ACTIVE_COMPILATION_CONDITIONS = DEBUG;
				SWIFT_VERSION = 5.0;
				TARGETED_DEVICE_FAMILY = "1,2";
				VERSIONING_SYSTEM = "apple-generic";
				VERSION_INFO_PREFIX = "";
			};
			name = Debug;
		};
		FD846F752233AF970038A715 /* Release */ = {
			isa = XCBuildConfiguration;
			buildSettings = {
				CLANG_ANALYZER_NONNULL = YES;
				CLANG_ANALYZER_NUMBER_OBJECT_CONVERSION = YES_AGGRESSIVE;
				CLANG_CXX_LANGUAGE_STANDARD = "gnu++14";
				CLANG_ENABLE_OBJC_WEAK = YES;
				CLANG_WARN_DEPRECATED_OBJC_IMPLEMENTATIONS = YES;
				CLANG_WARN_DOCUMENTATION_COMMENTS = YES;
				CLANG_WARN_OBJC_IMPLICIT_RETAIN_SELF = YES;
				CLANG_WARN_UNGUARDED_AVAILABILITY = YES_AGGRESSIVE;
				CODE_SIGN_IDENTITY = "";
				CODE_SIGN_STYLE = Manual;
				CURRENT_PROJECT_VERSION = 1;
				DEFINES_MODULE = YES;
				DEVELOPMENT_TEAM = "";
				DYLIB_COMPATIBILITY_VERSION = 1;
				DYLIB_CURRENT_VERSION = 1;
				DYLIB_INSTALL_NAME_BASE = "@rpath";
				FRAMEWORK_SEARCH_PATHS = (
					"$(inherited)",
					"$(PROJECT_DIR)/Carthage/Build/iOS",
				);
				GCC_C_LANGUAGE_STANDARD = gnu11;
				INFOPLIST_FILE = "$(SRCROOT)/MoyaMapper/Supporting Files/Info.plist";
				INSTALL_PATH = "$(LOCAL_LIBRARY_DIR)/Frameworks";
				IPHONEOS_DEPLOYMENT_TARGET = 10.0;
				LD_RUNPATH_SEARCH_PATHS = "$(inherited) @executable_path/Frameworks @loader_path/Frameworks";
				MTL_FAST_MATH = YES;
				OTHER_CFLAGS = "-fembed-bitcode";
				PRODUCT_BUNDLE_IDENTIFIER = com.lxf.MoyaMapper;
				PRODUCT_NAME = "$(TARGET_NAME:c99extidentifier)";
				PROVISIONING_PROFILE_SPECIFIER = "";
				SKIP_INSTALL = YES;
				SWIFT_VERSION = 5.0;
				TARGETED_DEVICE_FAMILY = "1,2";
				VERSIONING_SYSTEM = "apple-generic";
				VERSION_INFO_PREFIX = "";
			};
			name = Release;
		};
		FD846F982233C7A80038A715 /* Debug */ = {
			isa = XCBuildConfiguration;
			buildSettings = {
				CLANG_ANALYZER_NONNULL = YES;
				CLANG_ANALYZER_NUMBER_OBJECT_CONVERSION = YES_AGGRESSIVE;
				CLANG_CXX_LANGUAGE_STANDARD = "gnu++14";
				CLANG_ENABLE_OBJC_WEAK = YES;
				CLANG_WARN_DEPRECATED_OBJC_IMPLEMENTATIONS = YES;
				CLANG_WARN_DOCUMENTATION_COMMENTS = YES;
				CLANG_WARN_OBJC_IMPLICIT_RETAIN_SELF = YES;
				CLANG_WARN_UNGUARDED_AVAILABILITY = YES_AGGRESSIVE;
				CODE_SIGN_IDENTITY = "";
				CODE_SIGN_STYLE = Manual;
				CURRENT_PROJECT_VERSION = 1;
				DEBUG_INFORMATION_FORMAT = dwarf;
				DEFINES_MODULE = YES;
				DEVELOPMENT_TEAM = "";
				DYLIB_COMPATIBILITY_VERSION = 1;
				DYLIB_CURRENT_VERSION = 1;
				DYLIB_INSTALL_NAME_BASE = "@rpath";
				FRAMEWORK_SEARCH_PATHS = (
					"$(inherited)",
					"$(PROJECT_DIR)/Carthage/Build/iOS",
				);
				GCC_C_LANGUAGE_STANDARD = gnu11;
				INFOPLIST_FILE = "$(SRCROOT)/MoyaMapper/Supporting Files/Info.plist";
				INSTALL_PATH = "$(LOCAL_LIBRARY_DIR)/Frameworks";
				IPHONEOS_DEPLOYMENT_TARGET = 10.0;
				LD_RUNPATH_SEARCH_PATHS = "$(inherited) @executable_path/Frameworks @loader_path/Frameworks";
				MTL_ENABLE_DEBUG_INFO = INCLUDE_SOURCE;
				MTL_FAST_MATH = YES;
				OTHER_CFLAGS = "-fembed-bitcode";
				PRODUCT_BUNDLE_IDENTIFIER = com.lxf.RxMoyaMapper;
				PRODUCT_NAME = "$(TARGET_NAME:c99extidentifier)";
				PROVISIONING_PROFILE_SPECIFIER = "";
				SKIP_INSTALL = YES;
				SWIFT_ACTIVE_COMPILATION_CONDITIONS = DEBUG;
				SWIFT_VERSION = 5.0;
				TARGETED_DEVICE_FAMILY = "1,2";
				VERSIONING_SYSTEM = "apple-generic";
				VERSION_INFO_PREFIX = "";
			};
			name = Debug;
		};
		FD846F992233C7A80038A715 /* Release */ = {
			isa = XCBuildConfiguration;
			buildSettings = {
				CLANG_ANALYZER_NONNULL = YES;
				CLANG_ANALYZER_NUMBER_OBJECT_CONVERSION = YES_AGGRESSIVE;
				CLANG_CXX_LANGUAGE_STANDARD = "gnu++14";
				CLANG_ENABLE_OBJC_WEAK = YES;
				CLANG_WARN_DEPRECATED_OBJC_IMPLEMENTATIONS = YES;
				CLANG_WARN_DOCUMENTATION_COMMENTS = YES;
				CLANG_WARN_OBJC_IMPLICIT_RETAIN_SELF = YES;
				CLANG_WARN_UNGUARDED_AVAILABILITY = YES_AGGRESSIVE;
				CODE_SIGN_IDENTITY = "";
				CODE_SIGN_STYLE = Manual;
				CURRENT_PROJECT_VERSION = 1;
				DEFINES_MODULE = YES;
				DEVELOPMENT_TEAM = "";
				DYLIB_COMPATIBILITY_VERSION = 1;
				DYLIB_CURRENT_VERSION = 1;
				DYLIB_INSTALL_NAME_BASE = "@rpath";
				FRAMEWORK_SEARCH_PATHS = (
					"$(inherited)",
					"$(PROJECT_DIR)/Carthage/Build/iOS",
				);
				GCC_C_LANGUAGE_STANDARD = gnu11;
				INFOPLIST_FILE = "$(SRCROOT)/MoyaMapper/Supporting Files/Info.plist";
				INSTALL_PATH = "$(LOCAL_LIBRARY_DIR)/Frameworks";
				IPHONEOS_DEPLOYMENT_TARGET = 10.0;
				LD_RUNPATH_SEARCH_PATHS = "$(inherited) @executable_path/Frameworks @loader_path/Frameworks";
				MTL_FAST_MATH = YES;
				OTHER_CFLAGS = "-fembed-bitcode";
				PRODUCT_BUNDLE_IDENTIFIER = com.lxf.RxMoyaMapper;
				PRODUCT_NAME = "$(TARGET_NAME:c99extidentifier)";
				PROVISIONING_PROFILE_SPECIFIER = "";
				SKIP_INSTALL = YES;
				SWIFT_VERSION = 5.0;
				TARGETED_DEVICE_FAMILY = "1,2";
				VERSIONING_SYSTEM = "apple-generic";
				VERSION_INFO_PREFIX = "";
			};
			name = Release;
		};
		FD846FAA2233C86E0038A715 /* Debug */ = {
			isa = XCBuildConfiguration;
			buildSettings = {
				CLANG_ANALYZER_NONNULL = YES;
				CLANG_ANALYZER_NUMBER_OBJECT_CONVERSION = YES_AGGRESSIVE;
				CLANG_CXX_LANGUAGE_STANDARD = "gnu++14";
				CLANG_ENABLE_OBJC_WEAK = YES;
				CLANG_WARN_DEPRECATED_OBJC_IMPLEMENTATIONS = YES;
				CLANG_WARN_DOCUMENTATION_COMMENTS = YES;
				CLANG_WARN_OBJC_IMPLICIT_RETAIN_SELF = YES;
				CLANG_WARN_UNGUARDED_AVAILABILITY = YES_AGGRESSIVE;
				CODE_SIGN_IDENTITY = "";
				CODE_SIGN_STYLE = Manual;
				CURRENT_PROJECT_VERSION = 1;
				DEBUG_INFORMATION_FORMAT = dwarf;
				DEFINES_MODULE = YES;
				DEVELOPMENT_TEAM = "";
				DYLIB_COMPATIBILITY_VERSION = 1;
				DYLIB_CURRENT_VERSION = 1;
				DYLIB_INSTALL_NAME_BASE = "@rpath";
				FRAMEWORK_SEARCH_PATHS = (
					"$(inherited)",
					"$(PROJECT_DIR)/Carthage/Build/iOS",
				);
				GCC_C_LANGUAGE_STANDARD = gnu11;
				INFOPLIST_FILE = "$(SRCROOT)/MoyaMapper/Supporting Files/Info.plist";
				INSTALL_PATH = "$(LOCAL_LIBRARY_DIR)/Frameworks";
				IPHONEOS_DEPLOYMENT_TARGET = 10.0;
				LD_RUNPATH_SEARCH_PATHS = "$(inherited) @executable_path/Frameworks @loader_path/Frameworks";
				MTL_ENABLE_DEBUG_INFO = INCLUDE_SOURCE;
				MTL_FAST_MATH = YES;
				OTHER_CFLAGS = "-fembed-bitcode";
				PRODUCT_BUNDLE_IDENTIFIER = com.lxf.CacheMoyaMapper;
				PRODUCT_NAME = "$(TARGET_NAME:c99extidentifier)";
				PROVISIONING_PROFILE_SPECIFIER = "";
				SKIP_INSTALL = YES;
				SWIFT_ACTIVE_COMPILATION_CONDITIONS = DEBUG;
				SWIFT_VERSION = 5.0;
				TARGETED_DEVICE_FAMILY = "1,2";
				VERSIONING_SYSTEM = "apple-generic";
				VERSION_INFO_PREFIX = "";
			};
			name = Debug;
		};
		FD846FAB2233C86E0038A715 /* Release */ = {
			isa = XCBuildConfiguration;
			buildSettings = {
				CLANG_ANALYZER_NONNULL = YES;
				CLANG_ANALYZER_NUMBER_OBJECT_CONVERSION = YES_AGGRESSIVE;
				CLANG_CXX_LANGUAGE_STANDARD = "gnu++14";
				CLANG_ENABLE_OBJC_WEAK = YES;
				CLANG_WARN_DEPRECATED_OBJC_IMPLEMENTATIONS = YES;
				CLANG_WARN_DOCUMENTATION_COMMENTS = YES;
				CLANG_WARN_OBJC_IMPLICIT_RETAIN_SELF = YES;
				CLANG_WARN_UNGUARDED_AVAILABILITY = YES_AGGRESSIVE;
				CODE_SIGN_IDENTITY = "";
				CODE_SIGN_STYLE = Manual;
				CURRENT_PROJECT_VERSION = 1;
				DEFINES_MODULE = YES;
				DEVELOPMENT_TEAM = "";
				DYLIB_COMPATIBILITY_VERSION = 1;
				DYLIB_CURRENT_VERSION = 1;
				DYLIB_INSTALL_NAME_BASE = "@rpath";
				FRAMEWORK_SEARCH_PATHS = (
					"$(inherited)",
					"$(PROJECT_DIR)/Carthage/Build/iOS",
				);
				GCC_C_LANGUAGE_STANDARD = gnu11;
				INFOPLIST_FILE = "$(SRCROOT)/MoyaMapper/Supporting Files/Info.plist";
				INSTALL_PATH = "$(LOCAL_LIBRARY_DIR)/Frameworks";
				IPHONEOS_DEPLOYMENT_TARGET = 10.0;
				LD_RUNPATH_SEARCH_PATHS = "$(inherited) @executable_path/Frameworks @loader_path/Frameworks";
				MTL_FAST_MATH = YES;
				OTHER_CFLAGS = "-fembed-bitcode";
				PRODUCT_BUNDLE_IDENTIFIER = com.lxf.CacheMoyaMapper;
				PRODUCT_NAME = "$(TARGET_NAME:c99extidentifier)";
				PROVISIONING_PROFILE_SPECIFIER = "";
				SKIP_INSTALL = YES;
				SWIFT_VERSION = 5.0;
				TARGETED_DEVICE_FAMILY = "1,2";
				VERSIONING_SYSTEM = "apple-generic";
				VERSION_INFO_PREFIX = "";
			};
			name = Release;
		};
		FD846FC12233C8EB0038A715 /* Debug */ = {
			isa = XCBuildConfiguration;
			buildSettings = {
				CLANG_ANALYZER_NONNULL = YES;
				CLANG_ANALYZER_NUMBER_OBJECT_CONVERSION = YES_AGGRESSIVE;
				CLANG_CXX_LANGUAGE_STANDARD = "gnu++14";
				CLANG_ENABLE_OBJC_WEAK = YES;
				CLANG_WARN_DEPRECATED_OBJC_IMPLEMENTATIONS = YES;
				CLANG_WARN_DOCUMENTATION_COMMENTS = YES;
				CLANG_WARN_OBJC_IMPLICIT_RETAIN_SELF = YES;
				CLANG_WARN_UNGUARDED_AVAILABILITY = YES_AGGRESSIVE;
				CODE_SIGN_IDENTITY = "";
				CODE_SIGN_STYLE = Manual;
				CURRENT_PROJECT_VERSION = 1;
				DEBUG_INFORMATION_FORMAT = dwarf;
				DEFINES_MODULE = YES;
				DEVELOPMENT_TEAM = "";
				DYLIB_COMPATIBILITY_VERSION = 1;
				DYLIB_CURRENT_VERSION = 1;
				DYLIB_INSTALL_NAME_BASE = "@rpath";
				FRAMEWORK_SEARCH_PATHS = (
					"$(inherited)",
					"$(PROJECT_DIR)/Carthage/Build/iOS",
				);
				GCC_C_LANGUAGE_STANDARD = gnu11;
				INFOPLIST_FILE = "$(SRCROOT)/MoyaMapper/Supporting Files/Info.plist";
				INSTALL_PATH = "$(LOCAL_LIBRARY_DIR)/Frameworks";
				IPHONEOS_DEPLOYMENT_TARGET = 10.0;
				LD_RUNPATH_SEARCH_PATHS = "$(inherited) @executable_path/Frameworks @loader_path/Frameworks";
				MTL_ENABLE_DEBUG_INFO = INCLUDE_SOURCE;
				MTL_FAST_MATH = YES;
				OTHER_CFLAGS = "-fembed-bitcode";
				PRODUCT_BUNDLE_IDENTIFIER = com.lxf.RxCacheMoyaMapper;
				PRODUCT_NAME = "$(TARGET_NAME:c99extidentifier)";
				PROVISIONING_PROFILE_SPECIFIER = "";
				SKIP_INSTALL = YES;
				SWIFT_ACTIVE_COMPILATION_CONDITIONS = DEBUG;
				SWIFT_VERSION = 5.0;
				TARGETED_DEVICE_FAMILY = "1,2";
				VERSIONING_SYSTEM = "apple-generic";
				VERSION_INFO_PREFIX = "";
			};
			name = Debug;
		};
		FD846FC22233C8EB0038A715 /* Release */ = {
			isa = XCBuildConfiguration;
			buildSettings = {
				CLANG_ANALYZER_NONNULL = YES;
				CLANG_ANALYZER_NUMBER_OBJECT_CONVERSION = YES_AGGRESSIVE;
				CLANG_CXX_LANGUAGE_STANDARD = "gnu++14";
				CLANG_ENABLE_OBJC_WEAK = YES;
				CLANG_WARN_DEPRECATED_OBJC_IMPLEMENTATIONS = YES;
				CLANG_WARN_DOCUMENTATION_COMMENTS = YES;
				CLANG_WARN_OBJC_IMPLICIT_RETAIN_SELF = YES;
				CLANG_WARN_UNGUARDED_AVAILABILITY = YES_AGGRESSIVE;
				CODE_SIGN_IDENTITY = "";
				CODE_SIGN_STYLE = Manual;
				CURRENT_PROJECT_VERSION = 1;
				DEFINES_MODULE = YES;
				DEVELOPMENT_TEAM = "";
				DYLIB_COMPATIBILITY_VERSION = 1;
				DYLIB_CURRENT_VERSION = 1;
				DYLIB_INSTALL_NAME_BASE = "@rpath";
				FRAMEWORK_SEARCH_PATHS = (
					"$(inherited)",
					"$(PROJECT_DIR)/Carthage/Build/iOS",
				);
				GCC_C_LANGUAGE_STANDARD = gnu11;
				INFOPLIST_FILE = "$(SRCROOT)/MoyaMapper/Supporting Files/Info.plist";
				INSTALL_PATH = "$(LOCAL_LIBRARY_DIR)/Frameworks";
				IPHONEOS_DEPLOYMENT_TARGET = 10.0;
				LD_RUNPATH_SEARCH_PATHS = "$(inherited) @executable_path/Frameworks @loader_path/Frameworks";
				MTL_FAST_MATH = YES;
				OTHER_CFLAGS = "-fembed-bitcode";
				PRODUCT_BUNDLE_IDENTIFIER = com.lxf.RxCacheMoyaMapper;
				PRODUCT_NAME = "$(TARGET_NAME:c99extidentifier)";
				PROVISIONING_PROFILE_SPECIFIER = "";
				SKIP_INSTALL = YES;
				SWIFT_VERSION = 5.0;
				TARGETED_DEVICE_FAMILY = "1,2";
				VERSIONING_SYSTEM = "apple-generic";
				VERSION_INFO_PREFIX = "";
			};
			name = Release;
		};
/* End XCBuildConfiguration section */

/* Begin XCConfigurationList section */
		607FACCB1AFB9204008FA782 /* Build configuration list for PBXProject "MoyaMapper" */ = {
			isa = XCConfigurationList;
			buildConfigurations = (
				607FACED1AFB9204008FA782 /* Debug */,
				607FACEE1AFB9204008FA782 /* Release */,
			);
			defaultConfigurationIsVisible = 0;
			defaultConfigurationName = Release;
		};
		607FACEF1AFB9204008FA782 /* Build configuration list for PBXNativeTarget "MoyaMapper_Example" */ = {
			isa = XCConfigurationList;
			buildConfigurations = (
				607FACF01AFB9204008FA782 /* Debug */,
				607FACF11AFB9204008FA782 /* Release */,
			);
			defaultConfigurationIsVisible = 0;
			defaultConfigurationName = Release;
		};
		607FACF21AFB9204008FA782 /* Build configuration list for PBXNativeTarget "MoyaMapper_Tests" */ = {
			isa = XCConfigurationList;
			buildConfigurations = (
				607FACF31AFB9204008FA782 /* Debug */,
				607FACF41AFB9204008FA782 /* Release */,
			);
			defaultConfigurationIsVisible = 0;
			defaultConfigurationName = Release;
		};
		FD846F732233AF970038A715 /* Build configuration list for PBXNativeTarget "MoyaMapper" */ = {
			isa = XCConfigurationList;
			buildConfigurations = (
				FD846F742233AF970038A715 /* Debug */,
				FD846F752233AF970038A715 /* Release */,
			);
			defaultConfigurationIsVisible = 0;
			defaultConfigurationName = Release;
		};
		FD846F972233C7A80038A715 /* Build configuration list for PBXNativeTarget "RxMoyaMapper" */ = {
			isa = XCConfigurationList;
			buildConfigurations = (
				FD846F982233C7A80038A715 /* Debug */,
				FD846F992233C7A80038A715 /* Release */,
			);
			defaultConfigurationIsVisible = 0;
			defaultConfigurationName = Release;
		};
		FD846FA92233C86E0038A715 /* Build configuration list for PBXNativeTarget "CacheMoyaMapper" */ = {
			isa = XCConfigurationList;
			buildConfigurations = (
				FD846FAA2233C86E0038A715 /* Debug */,
				FD846FAB2233C86E0038A715 /* Release */,
			);
			defaultConfigurationIsVisible = 0;
			defaultConfigurationName = Release;
		};
		FD846FC02233C8EB0038A715 /* Build configuration list for PBXNativeTarget "RxCacheMoyaMapper" */ = {
			isa = XCConfigurationList;
			buildConfigurations = (
				FD846FC12233C8EB0038A715 /* Debug */,
				FD846FC22233C8EB0038A715 /* Release */,
			);
			defaultConfigurationIsVisible = 0;
			defaultConfigurationName = Release;
		};
/* End XCConfigurationList section */
	};
	rootObject = 607FACC81AFB9204008FA782 /* Project object */;
}
