// !$*UTF8*$!
{
	archiveVersion = 1;
	classes = {
	};
	objectVersion = 50;
	objects = {

/* Begin PBXBuildFile section */
		FD678371212D6ECA007E523F /* MoyaMapper.swift in Sources */ = {isa = PBXBuildFile; fileRef = FD67836C212D6ECA007E523F /* MoyaMapper.swift */; };
		FD678372212D6ECA007E523F /* Modelable.swift in Sources */ = {isa = PBXBuildFile; fileRef = FD67836D212D6ECA007E523F /* Modelable.swift */; };
		FD678373212D6ECA007E523F /* MoyaMapperPlugin.swift in Sources */ = {isa = PBXBuildFile; fileRef = FD67836E212D6ECA007E523F /* MoyaMapperPlugin.swift */; };
		FD678374212D6ECA007E523F /* MoyaMapper+Rx.swift in Sources */ = {isa = PBXBuildFile; fileRef = FD678370212D6ECA007E523F /* MoyaMapper+Rx.swift */; };
/* End PBXBuildFile section */

/* Begin PBXFileReference section */
		FD67832A212C4035007E523F /* MoyaMapper.app */ = {isa = PBXFileReference; explicitFileType = wrapper.application; includeInIndex = 0; path = MoyaMapper.app; sourceTree = BUILT_PRODUCTS_DIR; };
		FD678368212D6EA6007E523F /* Info.plist */ = {isa = PBXFileReference; fileEncoding = 4; lastKnownFileType = text.plist.xml; path = Info.plist; sourceTree = SOURCE_ROOT; };
		FD67836C212D6ECA007E523F /* MoyaMapper.swift */ = {isa = PBXFileReference; fileEncoding = 4; lastKnownFileType = sourcecode.swift; path = MoyaMapper.swift; sourceTree = "<group>"; };
		FD67836D212D6ECA007E523F /* Modelable.swift */ = {isa = PBXFileReference; fileEncoding = 4; lastKnownFileType = sourcecode.swift; path = Modelable.swift; sourceTree = "<group>"; };
		FD67836E212D6ECA007E523F /* MoyaMapperPlugin.swift */ = {isa = PBXFileReference; fileEncoding = 4; lastKnownFileType = sourcecode.swift; path = MoyaMapperPlugin.swift; sourceTree = "<group>"; };
		FD678370212D6ECA007E523F /* MoyaMapper+Rx.swift */ = {isa = PBXFileReference; fileEncoding = 4; lastKnownFileType = sourcecode.swift; path = "MoyaMapper+Rx.swift"; sourceTree = "<group>"; };
/* End PBXFileReference section */

/* Begin PBXFrameworksBuildPhase section */
		FD678327212C4035007E523F /* Frameworks */ = {
			isa = PBXFrameworksBuildPhase;
			buildActionMask = 2147483647;
			files = (
			);
			runOnlyForDeploymentPostprocessing = 0;
		};
/* End PBXFrameworksBuildPhase section */

/* Begin PBXGroup section */
		FD678321212C4035007E523F = {
			isa = PBXGroup;
			children = (
				FD67832C212C4035007E523F /* MoyaMapper */,
				FD67832B212C4035007E523F /* Products */,
			);
			sourceTree = "<group>";
		};
		FD67832B212C4035007E523F /* Products */ = {
			isa = PBXGroup;
			children = (
				FD67832A212C4035007E523F /* MoyaMapper.app */,
			);
			name = Products;
			sourceTree = "<group>";
		};
		FD67832C212C4035007E523F /* MoyaMapper */ = {
			isa = PBXGroup;
			children = (
				FD67836A212D6ECA007E523F /* Classes */,
				FD678368212D6EA6007E523F /* Info.plist */,
			);
			path = MoyaMapper;
			sourceTree = "<group>";
		};
		FD67836A212D6ECA007E523F /* Classes */ = {
			isa = PBXGroup;
			children = (
				FD67836B212D6ECA007E523F /* Core */,
				FD67836F212D6ECA007E523F /* Rx */,
			);
			path = Classes;
			sourceTree = "<group>";
		};
		FD67836B212D6ECA007E523F /* Core */ = {
			isa = PBXGroup;
			children = (
				FD67836C212D6ECA007E523F /* MoyaMapper.swift */,
				FD67836D212D6ECA007E523F /* Modelable.swift */,
				FD67836E212D6ECA007E523F /* MoyaMapperPlugin.swift */,
			);
			path = Core;
			sourceTree = "<group>";
		};
		FD67836F212D6ECA007E523F /* Rx */ = {
			isa = PBXGroup;
			children = (
				FD678370212D6ECA007E523F /* MoyaMapper+Rx.swift */,
			);
			path = Rx;
			sourceTree = "<group>";
		};
/* End PBXGroup section */

/* Begin PBXNativeTarget section */
		FD678329212C4035007E523F /* MoyaMapper */ = {
			isa = PBXNativeTarget;
			buildConfigurationList = FD67833C212C4036007E523F /* Build configuration list for PBXNativeTarget "MoyaMapper" */;
			buildPhases = (
				FD678326212C4035007E523F /* Sources */,
				FD678327212C4035007E523F /* Frameworks */,
				FD678328212C4035007E523F /* Resources */,
			);
			buildRules = (
			);
			dependencies = (
			);
			name = MoyaMapper;
			productName = MoyaMapper;
			productReference = FD67832A212C4035007E523F /* MoyaMapper.app */;
			productType = "com.apple.product-type.application";
		};
/* End PBXNativeTarget section */

/* Begin PBXProject section */
		FD678322212C4035007E523F /* Project object */ = {
			isa = PBXProject;
			attributes = {
				LastSwiftUpdateCheck = 0940;
				LastUpgradeCheck = 0940;
				ORGANIZATIONNAME = LinXunFeng;
				TargetAttributes = {
					FD678329212C4035007E523F = {
						CreatedOnToolsVersion = 9.4.1;
					};
				};
			};
			buildConfigurationList = FD678325212C4035007E523F /* Build configuration list for PBXProject "MoyaMapper" */;
			compatibilityVersion = "Xcode 9.3";
			developmentRegion = en;
			hasScannedForEncodings = 0;
			knownRegions = (
				en,
				Base,
			);
			mainGroup = FD678321212C4035007E523F;
			productRefGroup = FD67832B212C4035007E523F /* Products */;
			projectDirPath = "";
			projectRoot = "";
			targets = (
				FD678329212C4035007E523F /* MoyaMapper */,
			);
		};
/* End PBXProject section */

/* Begin PBXResourcesBuildPhase section */
		FD678328212C4035007E523F /* Resources */ = {
			isa = PBXResourcesBuildPhase;
			buildActionMask = 2147483647;
			files = (
			);
			runOnlyForDeploymentPostprocessing = 0;
		};
/* End PBXResourcesBuildPhase section */

/* Begin PBXSourcesBuildPhase section */
		FD678326212C4035007E523F /* Sources */ = {
			isa = PBXSourcesBuildPhase;
			buildActionMask = 2147483647;
			files = (
				FD678371212D6ECA007E523F /* MoyaMapper.swift in Sources */,
				FD678372212D6ECA007E523F /* Modelable.swift in Sources */,
				FD678374212D6ECA007E523F /* MoyaMapper+Rx.swift in Sources */,
				FD678373212D6ECA007E523F /* MoyaMapperPlugin.swift in Sources */,
			);
			runOnlyForDeploymentPostprocessing = 0;
		};
/* End PBXSourcesBuildPhase section */

/* Begin XCBuildConfiguration section */
		FD67833A212C4036007E523F /* Debug */ = {
			isa = XCBuildConfiguration;
			buildSettings = {
				ALWAYS_SEARCH_USER_PATHS = NO;
				CLANG_ANALYZER_NONNULL = YES;
				CLANG_ANALYZER_NUMBER_OBJECT_CONVERSION = YES_AGGRESSIVE;
				CLANG_CXX_LANGUAGE_STANDARD = "gnu++14";
				CLANG_CXX_LIBRARY = "libc++";
				CLANG_ENABLE_MODULES = YES;
				CLANG_ENABLE_OBJC_ARC = YES;
				CLANG_ENABLE_OBJC_WEAK = YES;
				CLANG_WARN_BLOCK_CAPTURE_AUTORELEASING = YES;
				CLANG_WARN_BOOL_CONVERSION = YES;
				CLANG_WARN_COMMA = YES;
				CLANG_WARN_CONSTANT_CONVERSION = YES;
				CLANG_WARN_DEPRECATED_OBJC_IMPLEMENTATIONS = YES;
				CLANG_WARN_DIRECT_OBJC_ISA_USAGE = YES_ERROR;
				CLANG_WARN_DOCUMENTATION_COMMENTS = YES;
				CLANG_WARN_EMPTY_BODY = YES;
				CLANG_WARN_ENUM_CONVERSION = YES;
				CLANG_WARN_INFINITE_RECURSION = YES;
				CLANG_WARN_INT_CONVERSION = YES;
				CLANG_WARN_NON_LITERAL_NULL_CONVERSION = YES;
				CLANG_WARN_OBJC_IMPLICIT_RETAIN_SELF = YES;
				CLANG_WARN_OBJC_LITERAL_CONVERSION = YES;
				CLANG_WARN_OBJC_ROOT_CLASS = YES_ERROR;
				CLANG_WARN_RANGE_LOOP_ANALYSIS = YES;
				CLANG_WARN_STRICT_PROTOTYPES = YES;
				CLANG_WARN_SUSPICIOUS_MOVE = YES;
				CLANG_WARN_UNGUARDED_AVAILABILITY = YES_AGGRESSIVE;
				CLANG_WARN_UNREACHABLE_CODE = YES;
				CLANG_WARN__DUPLICATE_METHOD_MATCH = YES;
				CODE_SIGN_IDENTITY = "iPhone Developer";
				COPY_PHASE_STRIP = NO;
				DEBUG_INFORMATION_FORMAT = dwarf;
				ENABLE_STRICT_OBJC_MSGSEND = YES;
				ENABLE_TESTABILITY = YES;
				GCC_C_LANGUAGE_STANDARD = gnu11;
				GCC_DYNAMIC_NO_PIC = NO;
				GCC_NO_COMMON_BLOCKS = YES;
				GCC_OPTIMIZATION_LEVEL = 0;
				GCC_PREPROCESSOR_DEFINITIONS = (
					"DEBUG=1",
					"$(inherited)",
				);
				GCC_WARN_64_TO_32_BIT_CONVERSION = YES;
				GCC_WARN_ABOUT_RETURN_TYPE = YES_ERROR;
				GCC_WARN_UNDECLARED_SELECTOR = YES;
				GCC_WARN_UNINITIALIZED_AUTOS = YES_AGGRESSIVE;
				GCC_WARN_UNUSED_FUNCTION = YES;
				GCC_WARN_UNUSED_VARIABLE = YES;
				IPHONEOS_DEPLOYMENT_TARGET = 11.4;
				MTL_ENABLE_DEBUG_INFO = YES;
				ONLY_ACTIVE_ARCH = YES;
				SDKROOT = iphoneos;
				SWIFT_ACTIVE_COMPILATION_CONDITIONS = DEBUG;
				SWIFT_OPTIMIZATION_LEVEL = "-Onone";
			};
			name = Debug;
		};
		FD67833B212C4036007E523F /* Release */ = {
			isa = XCBuildConfiguration;
			buildSettings = {
				ALWAYS_SEARCH_USER_PATHS = NO;
				CLANG_ANALYZER_NONNULL = YES;
				CLANG_ANALYZER_NUMBER_OBJECT_CONVERSION = YES_AGGRESSIVE;
				CLANG_CXX_LANGUAGE_STANDARD = "gnu++14";
				CLANG_CXX_LIBRARY = "libc++";
				CLANG_ENABLE_MODULES = YES;
				CLANG_ENABLE_OBJC_ARC = YES;
				CLANG_ENABLE_OBJC_WEAK = YES;
				CLANG_WARN_BLOCK_CAPTURE_AUTORELEASING = YES;
				CLANG_WARN_BOOL_CONVERSION = YES;
				CLANG_WARN_COMMA = YES;
				CLANG_WARN_CONSTANT_CONVERSION = YES;
				CLANG_WARN_DEPRECATED_OBJC_IMPLEMENTATIONS = YES;
				CLANG_WARN_DIRECT_OBJC_ISA_USAGE = YES_ERROR;
				CLANG_WARN_DOCUMENTATION_COMMENTS = YES;
				CLANG_WARN_EMPTY_BODY = YES;
				CLANG_WARN_ENUM_CONVERSION = YES;
				CLANG_WARN_INFINITE_RECURSION = YES;
				CLANG_WARN_INT_CONVERSION = YES;
				CLANG_WARN_NON_LITERAL_NULL_CONVERSION = YES;
				CLANG_WARN_OBJC_IMPLICIT_RETAIN_SELF = YES;
				CLANG_WARN_OBJC_LITERAL_CONVERSION = YES;
				CLANG_WARN_OBJC_ROOT_CLASS = YES_ERROR;
				CLANG_WARN_RANGE_LOOP_ANALYSIS = YES;
				CLANG_WARN_STRICT_PROTOTYPES = YES;
				CLANG_WARN_SUSPICIOUS_MOVE = YES;
				CLANG_WARN_UNGUARDED_AVAILABILITY = YES_AGGRESSIVE;
				CLANG_WARN_UNREACHABLE_CODE = YES;
				CLANG_WARN__DUPLICATE_METHOD_MATCH = YES;
				CODE_SIGN_IDENTITY = "iPhone Developer";
				COPY_PHASE_STRIP = NO;
				DEBUG_INFORMATION_FORMAT = "dwarf-with-dsym";
				ENABLE_NS_ASSERTIONS = NO;
				ENABLE_STRICT_OBJC_MSGSEND = YES;
				GCC_C_LANGUAGE_STANDARD = gnu11;
				GCC_NO_COMMON_BLOCKS = YES;
				GCC_WARN_64_TO_32_BIT_CONVERSION = YES;
				GCC_WARN_ABOUT_RETURN_TYPE = YES_ERROR;
				GCC_WARN_UNDECLARED_SELECTOR = YES;
				GCC_WARN_UNINITIALIZED_AUTOS = YES_AGGRESSIVE;
				GCC_WARN_UNUSED_FUNCTION = YES;
				GCC_WARN_UNUSED_VARIABLE = YES;
				IPHONEOS_DEPLOYMENT_TARGET = 11.4;
				MTL_ENABLE_DEBUG_INFO = NO;
				SDKROOT = iphoneos;
				SWIFT_COMPILATION_MODE = wholemodule;
				SWIFT_OPTIMIZATION_LEVEL = "-O";
				VALIDATE_PRODUCT = YES;
			};
			name = Release;
		};
		FD67833D212C4036007E523F /* Debug */ = {
			isa = XCBuildConfiguration;
			buildSettings = {
				ASSETCATALOG_COMPILER_APPICON_NAME = AppIcon;
				CODE_SIGN_STYLE = Automatic;
				INFOPLIST_FILE = "$(SRCROOT)/Info.plist";
				LD_RUNPATH_SEARCH_PATHS = (
					"$(inherited)",
					"@executable_path/Frameworks",
				);
				PRODUCT_BUNDLE_IDENTIFIER = com.lxf.MoyaMapper;
				PRODUCT_NAME = "$(TARGET_NAME)";
				SWIFT_VERSION = 4.0;
				TARGETED_DEVICE_FAMILY = "1,2";
			};
			name = Debug;
		};
		FD67833E212C4036007E523F /* Release */ = {
			isa = XCBuildConfiguration;
			buildSettings = {
				ASSETCATALOG_COMPILER_APPICON_NAME = AppIcon;
				CODE_SIGN_STYLE = Automatic;
				INFOPLIST_FILE = "$(SRCROOT)/Info.plist";
				LD_RUNPATH_SEARCH_PATHS = (
					"$(inherited)",
					"@executable_path/Frameworks",
				);
				PRODUCT_BUNDLE_IDENTIFIER = com.lxf.MoyaMapper;
				PRODUCT_NAME = "$(TARGET_NAME)";
				SWIFT_VERSION = 4.0;
				TARGETED_DEVICE_FAMILY = "1,2";
			};
			name = Release;
		};
/* End XCBuildConfiguration section */

/* Begin XCConfigurationList section */
		FD678325212C4035007E523F /* Build configuration list for PBXProject "MoyaMapper" */ = {
			isa = XCConfigurationList;
			buildConfigurations = (
				FD67833A212C4036007E523F /* Debug */,
				FD67833B212C4036007E523F /* Release */,
			);
			defaultConfigurationIsVisible = 0;
			defaultConfigurationName = Release;
		};
		FD67833C212C4036007E523F /* Build configuration list for PBXNativeTarget "MoyaMapper" */ = {
			isa = XCConfigurationList;
			buildConfigurations = (
				FD67833D212C4036007E523F /* Debug */,
				FD67833E212C4036007E523F /* Release */,
			);
			defaultConfigurationIsVisible = 0;
			defaultConfigurationName = Release;
		};
/* End XCConfigurationList section */
	};
	rootObject = FD678322212C4035007E523F /* Project object */;
}
